// !$*UTF8*$!
{
	archiveVersion = 1;
	classes = {
	};
	objectVersion = 42;
	objects = {

/* Begin PBXBuildFile section */
		961322D70B5BCDB900007C3E /* acsite.m4 in Resources */ = {isa = PBXBuildFile; fileRef = 961322D20B5BCDB900007C3E /* acsite.m4 */; };
		961322D80B5BCDB900007C3E /* config-default.h in Headers */ = {isa = PBXBuildFile; fileRef = 961322D30B5BCDB900007C3E /* config-default.h */; };
		961322DA0B5BCDB900007C3E /* Makefile-default.cnf in Resources */ = {isa = PBXBuildFile; fileRef = 961322D50B5BCDB900007C3E /* Makefile-default.cnf */; };
		961322DB0B5BCDB900007C3E /* Makefile-MinGW.cnf in Resources */ = {isa = PBXBuildFile; fileRef = 961322D60B5BCDB900007C3E /* Makefile-MinGW.cnf */; };
		961322E70B5BCFBB00007C3E /* config.h in Headers */ = {isa = PBXBuildFile; fileRef = 961322E60B5BCFBB00007C3E /* config.h */; };
		961322FB0B5BD0B800007C3E /* araglue.h in Headers */ = {isa = PBXBuildFile; fileRef = 961322EF0B5BD0B800007C3E /* araglue.h */; };
		961322FC0B5BD0B800007C3E /* dsp_cpu.c in Sources */ = {isa = PBXBuildFile; fileRef = 961322F00B5BD0B800007C3E /* dsp_cpu.c */; };
		961322FD0B5BD0B800007C3E /* dsp_cpu.h in Headers */ = {isa = PBXBuildFile; fileRef = 961322F10B5BD0B800007C3E /* dsp_cpu.h */; };
		961322FE0B5BD0B800007C3E /* dsp_disasm.c in Sources */ = {isa = PBXBuildFile; fileRef = 961322F20B5BD0B800007C3E /* dsp_disasm.c */; };
		961322FF0B5BD0B800007C3E /* dsp_disasm.h in Headers */ = {isa = PBXBuildFile; fileRef = 961322F30B5BD0B800007C3E /* dsp_disasm.h */; };
		961323000B5BD0B800007C3E /* dsp.c in Sources */ = {isa = PBXBuildFile; fileRef = 961322F40B5BD0B800007C3E /* dsp.c */; };
		961323010B5BD0B800007C3E /* dsp.h in Headers */ = {isa = PBXBuildFile; fileRef = 961322F50B5BD0B800007C3E /* dsp.h */; };
		961323020B5BD0B800007C3E /* hostscreen.c in Sources */ = {isa = PBXBuildFile; fileRef = 961322F60B5BD0B800007C3E /* hostscreen.c */; };
		961323030B5BD0B800007C3E /* hostscreen.h in Headers */ = {isa = PBXBuildFile; fileRef = 961322F70B5BD0B800007C3E /* hostscreen.h */; };
		961323050B5BD0B800007C3E /* videl.c in Sources */ = {isa = PBXBuildFile; fileRef = 961322F90B5BD0B800007C3E /* videl.c */; };
		961323060B5BD0B800007C3E /* videl.h in Headers */ = {isa = PBXBuildFile; fileRef = 961322FA0B5BD0B800007C3E /* videl.h */; };
		9613230C0B5BD14B00007C3E /* ioMemTabFalcon.c in Sources */ = {isa = PBXBuildFile; fileRef = 961323070B5BD14B00007C3E /* ioMemTabFalcon.c */; };
		9613230D0B5BD14B00007C3E /* ioMemTabST.c in Sources */ = {isa = PBXBuildFile; fileRef = 961323080B5BD14B00007C3E /* ioMemTabST.c */; };
		9613230E0B5BD14B00007C3E /* ioMemTabSTE.c in Sources */ = {isa = PBXBuildFile; fileRef = 961323090B5BD14B00007C3E /* ioMemTabSTE.c */; };
		9613230F0B5BD14B00007C3E /* ioMemTabTT.c in Sources */ = {isa = PBXBuildFile; fileRef = 9613230A0B5BD14B00007C3E /* ioMemTabTT.c */; };
		961323130B5BD17700007C3E /* ide.h in Headers */ = {isa = PBXBuildFile; fileRef = 961323110B5BD17700007C3E /* ide.h */; };
		961323300B5BD66600007C3E /* ide.c in Sources */ = {isa = PBXBuildFile; fileRef = 9613232F0B5BD66600007C3E /* ide.c */; };
		96635B770BF86FDF00518B3B /* nvram.c in Sources */ = {isa = PBXBuildFile; fileRef = 96635B750BF86FDF00518B3B /* nvram.c */; };
		96635B780BF86FDF00518B3B /* nvram.h in Headers */ = {isa = PBXBuildFile; fileRef = 96635B760BF86FDF00518B3B /* nvram.h */; };
		9670E1100A5FA132009A73E0 /* SDLMain.h in Headers */ = {isa = PBXBuildFile; fileRef = F5A47A9D01A0482F01D3D55B /* SDLMain.h */; };
		9670E1110A5FA132009A73E0 /* font10x16.h in Headers */ = {isa = PBXBuildFile; fileRef = E9283E9607512EA200DA6B24 /* font10x16.h */; };
		9670E1120A5FA132009A73E0 /* font5x8.h in Headers */ = {isa = PBXBuildFile; fileRef = E9283E9807512EA200DA6B24 /* font5x8.h */; };
		9670E1130A5FA132009A73E0 /* audio.h in Headers */ = {isa = PBXBuildFile; fileRef = E9283E9E07512EA200DA6B24 /* audio.h */; };
		9670E1140A5FA132009A73E0 /* bios.h in Headers */ = {isa = PBXBuildFile; fileRef = E9283E9F07512EA200DA6B24 /* bios.h */; };
		9670E1150A5FA132009A73E0 /* blitter.h in Headers */ = {isa = PBXBuildFile; fileRef = E9283EA007512EA200DA6B24 /* blitter.h */; };
		9670E1160A5FA132009A73E0 /* cart.h in Headers */ = {isa = PBXBuildFile; fileRef = E9283EA107512EA200DA6B24 /* cart.h */; };
		9670E1170A5FA132009A73E0 /* cfgopts.h in Headers */ = {isa = PBXBuildFile; fileRef = E9283EA207512EA200DA6B24 /* cfgopts.h */; };
		9670E1180A5FA132009A73E0 /* configuration.h in Headers */ = {isa = PBXBuildFile; fileRef = E9283EA307512EA200DA6B24 /* configuration.h */; };
		9670E1190A5FA132009A73E0 /* createBlankImage.h in Headers */ = {isa = PBXBuildFile; fileRef = E9283EA407512EA200DA6B24 /* createBlankImage.h */; };
		9670E11A0A5FA132009A73E0 /* debugui.h in Headers */ = {isa = PBXBuildFile; fileRef = E9283EA607512EA200DA6B24 /* debugui.h */; };
		9670E11B0A5FA132009A73E0 /* dialog.h in Headers */ = {isa = PBXBuildFile; fileRef = E9283EA707512EA200DA6B24 /* dialog.h */; };
		9670E11C0A5FA132009A73E0 /* dim.h in Headers */ = {isa = PBXBuildFile; fileRef = E9283EA807512EA200DA6B24 /* dim.h */; };
		9670E11D0A5FA132009A73E0 /* fdc.h in Headers */ = {isa = PBXBuildFile; fileRef = E9283EAA07512EA200DA6B24 /* fdc.h */; };
		9670E11E0A5FA132009A73E0 /* file.h in Headers */ = {isa = PBXBuildFile; fileRef = E9283EAB07512EA200DA6B24 /* file.h */; };
		9670E11F0A5FA132009A73E0 /* floppy.h in Headers */ = {isa = PBXBuildFile; fileRef = E9283EAC07512EA200DA6B24 /* floppy.h */; };
		9670E1200A5FA132009A73E0 /* gemdos.h in Headers */ = {isa = PBXBuildFile; fileRef = E9283EAD07512EA200DA6B24 /* gemdos.h */; };
		9670E1210A5FA132009A73E0 /* hdc.h in Headers */ = {isa = PBXBuildFile; fileRef = E9283EAE07512EA200DA6B24 /* hdc.h */; };
		9670E1220A5FA132009A73E0 /* ikbd.h in Headers */ = {isa = PBXBuildFile; fileRef = E9283EAF07512EA200DA6B24 /* ikbd.h */; };
		9670E1230A5FA132009A73E0 /* int.h in Headers */ = {isa = PBXBuildFile; fileRef = E9283EB007512EA200DA6B24 /* int.h */; };
		9670E1240A5FA132009A73E0 /* joy.h in Headers */ = {isa = PBXBuildFile; fileRef = E9283EB207512EA200DA6B24 /* joy.h */; };
		9670E1250A5FA132009A73E0 /* keymap.h in Headers */ = {isa = PBXBuildFile; fileRef = E9283EB307512EA200DA6B24 /* keymap.h */; };
		9670E1260A5FA132009A73E0 /* m68000.h in Headers */ = {isa = PBXBuildFile; fileRef = E9283EB407512EA200DA6B24 /* m68000.h */; };
		9670E1270A5FA132009A73E0 /* main.h in Headers */ = {isa = PBXBuildFile; fileRef = E9283EB507512EA200DA6B24 /* main.h */; };
		9670E1280A5FA132009A73E0 /* memorySnapShot.h in Headers */ = {isa = PBXBuildFile; fileRef = E9283EB707512EA200DA6B24 /* memorySnapShot.h */; };
		9670E1290A5FA132009A73E0 /* mfp.h in Headers */ = {isa = PBXBuildFile; fileRef = E9283EB807512EA200DA6B24 /* mfp.h */; };
		9670E12A0A5FA132009A73E0 /* midi.h in Headers */ = {isa = PBXBuildFile; fileRef = E9283EB907512EA200DA6B24 /* midi.h */; };
		9670E12B0A5FA132009A73E0 /* misc.h in Headers */ = {isa = PBXBuildFile; fileRef = E9283EBA07512EA200DA6B24 /* misc.h */; };
		9670E12C0A5FA132009A73E0 /* msa.h in Headers */ = {isa = PBXBuildFile; fileRef = E9283EBB07512EA200DA6B24 /* msa.h */; };
		9670E12D0A5FA132009A73E0 /* printer.h in Headers */ = {isa = PBXBuildFile; fileRef = E9283EBC07512EA200DA6B24 /* printer.h */; };
		9670E12E0A5FA132009A73E0 /* psg.h in Headers */ = {isa = PBXBuildFile; fileRef = E9283EBD07512EA200DA6B24 /* psg.h */; };
		9670E12F0A5FA132009A73E0 /* reset.h in Headers */ = {isa = PBXBuildFile; fileRef = E9283EBE07512EA200DA6B24 /* reset.h */; };
		9670E1300A5FA132009A73E0 /* rs232.h in Headers */ = {isa = PBXBuildFile; fileRef = E9283EBF07512EA200DA6B24 /* rs232.h */; };
		9670E1310A5FA132009A73E0 /* rtc.h in Headers */ = {isa = PBXBuildFile; fileRef = E9283EC007512EA200DA6B24 /* rtc.h */; };
		9670E1320A5FA132009A73E0 /* screen.h in Headers */ = {isa = PBXBuildFile; fileRef = E9283EC107512EA200DA6B24 /* screen.h */; };
		9670E1330A5FA132009A73E0 /* screenSnapShot.h in Headers */ = {isa = PBXBuildFile; fileRef = E9283EC407512EA200DA6B24 /* screenSnapShot.h */; };
		9670E1340A5FA132009A73E0 /* sdlgui.h in Headers */ = {isa = PBXBuildFile; fileRef = E9283EC507512EA200DA6B24 /* sdlgui.h */; };
		9670E1350A5FA132009A73E0 /* shortcut.h in Headers */ = {isa = PBXBuildFile; fileRef = E9283EC607512EA200DA6B24 /* shortcut.h */; };
		9670E1360A5FA132009A73E0 /* sound.h in Headers */ = {isa = PBXBuildFile; fileRef = E9283EC707512EA200DA6B24 /* sound.h */; };
		9670E1370A5FA132009A73E0 /* spec512.h in Headers */ = {isa = PBXBuildFile; fileRef = E9283EC807512EA200DA6B24 /* spec512.h */; };
		9670E1380A5FA132009A73E0 /* st.h in Headers */ = {isa = PBXBuildFile; fileRef = E9283EC907512EA200DA6B24 /* st.h */; };
		9670E1390A5FA132009A73E0 /* stMemory.h in Headers */ = {isa = PBXBuildFile; fileRef = E9283ECA07512EA200DA6B24 /* stMemory.h */; };
		9670E13A0A5FA132009A73E0 /* tos.h in Headers */ = {isa = PBXBuildFile; fileRef = E9283ECB07512EA200DA6B24 /* tos.h */; };
		9670E13B0A5FA132009A73E0 /* unzip.h in Headers */ = {isa = PBXBuildFile; fileRef = E9283ECC07512EA200DA6B24 /* unzip.h */; };
		9670E13C0A5FA132009A73E0 /* vdi.h in Headers */ = {isa = PBXBuildFile; fileRef = E9283ECD07512EA200DA6B24 /* vdi.h */; };
		9670E13D0A5FA132009A73E0 /* video.h in Headers */ = {isa = PBXBuildFile; fileRef = E9283ECE07512EA200DA6B24 /* video.h */; };
		9670E13E0A5FA132009A73E0 /* wavFormat.h in Headers */ = {isa = PBXBuildFile; fileRef = E9283ECF07512EA200DA6B24 /* wavFormat.h */; };
		9670E13F0A5FA132009A73E0 /* xbios.h in Headers */ = {isa = PBXBuildFile; fileRef = E9283ED007512EA200DA6B24 /* xbios.h */; };
		9670E1400A5FA132009A73E0 /* ymFormat.h in Headers */ = {isa = PBXBuildFile; fileRef = E9283ED107512EA200DA6B24 /* ymFormat.h */; };
		9670E1410A5FA132009A73E0 /* zip.h in Headers */ = {isa = PBXBuildFile; fileRef = E9283ED207512EA200DA6B24 /* zip.h */; };
		9670E1420A5FA132009A73E0 /* fpp-ieee-be.h in Headers */ = {isa = PBXBuildFile; fileRef = E9283EF007512EA200DA6B24 /* fpp-ieee-be.h */; };
		9670E1430A5FA132009A73E0 /* fpp-unknown.h in Headers */ = {isa = PBXBuildFile; fileRef = E9283EF107512EA200DA6B24 /* fpp-unknown.h */; };
		9670E1440A5FA132009A73E0 /* hatari-glue.h in Headers */ = {isa = PBXBuildFile; fileRef = E9283EF507512EA200DA6B24 /* hatari-glue.h */; };
		9670E1450A5FA132009A73E0 /* m68k.h in Headers */ = {isa = PBXBuildFile; fileRef = E9283EF607512EA200DA6B24 /* m68k.h */; };
		9670E1460A5FA132009A73E0 /* maccess.h in Headers */ = {isa = PBXBuildFile; fileRef = E9283EF707512EA200DA6B24 /* maccess.h */; };
		9670E1470A5FA132009A73E0 /* memory.h in Headers */ = {isa = PBXBuildFile; fileRef = E9283EFA07512EA200DA6B24 /* memory.h */; };
		9670E1480A5FA132009A73E0 /* newcpu.h in Headers */ = {isa = PBXBuildFile; fileRef = E9283EFC07512EA200DA6B24 /* newcpu.h */; };
		9670E1490A5FA132009A73E0 /* readcpu.h in Headers */ = {isa = PBXBuildFile; fileRef = E9283EFE07512EA200DA6B24 /* readcpu.h */; };
		9670E14A0A5FA132009A73E0 /* sysdeps.h in Headers */ = {isa = PBXBuildFile; fileRef = E9283EFF07512EA200DA6B24 /* sysdeps.h */; };
		9670E14B0A5FA132009A73E0 /* ioMem.h in Headers */ = {isa = PBXBuildFile; fileRef = E99035AD07E8C8D6000E7CD7 /* ioMem.h */; };
		9670E14C0A5FA132009A73E0 /* ioMemTables.h in Headers */ = {isa = PBXBuildFile; fileRef = E99035AE07E8C8D6000E7CD7 /* ioMemTables.h */; };
		9670E14D0A5FA132009A73E0 /* log.h in Headers */ = {isa = PBXBuildFile; fileRef = E9933BC00802F0DF00E20172 /* log.h */; };
		9670E14E0A5FA132009A73E0 /* dmaSnd.h in Headers */ = {isa = PBXBuildFile; fileRef = E930274608EC5CA5000FB60E /* dmaSnd.h */; };
		9670E14F0A5FA132009A73E0 /* cycles.h in Headers */ = {isa = PBXBuildFile; fileRef = 9652821F0998136500BE6A34 /* cycles.h */; };
		9670E1500A5FA132009A73E0 /* PrefsController.h in Headers */ = {isa = PBXBuildFile; fileRef = 962F64E909A922B20054BE9B /* PrefsController.h */; };
		9670E1510A5FA132009A73E0 /* CreateFloppyController.h in Headers */ = {isa = PBXBuildFile; fileRef = 96ECC69309B9907A00C5C54F /* CreateFloppyController.h */; };
		9670E1520A5FA132009A73E0 /* Shared.h in Headers */ = {isa = PBXBuildFile; fileRef = 96C84DB40A549F4B00CAF172 /* Shared.h */; };
		9670E1530A5FA132009A73E0 /* AlertHooks.h in Headers */ = {isa = PBXBuildFile; fileRef = 96BEBB3F0A567AC0007ADA48 /* AlertHooks.h */; };
		9670E1540A5FA132009A73E0 /* gemdos_defines.h in Headers */ = {isa = PBXBuildFile; fileRef = 968DE4CE0A59B1E8007517A4 /* gemdos_defines.h */; };
		9670E1550A5FA132009A73E0 /* options.h in Headers */ = {isa = PBXBuildFile; fileRef = 968DE4CF0A59B1E8007517A4 /* options.h */; };
		9670E1570A5FA132009A73E0 /* InfoPlist.strings in Resources */ = {isa = PBXBuildFile; fileRef = 089C165CFE840E0CC02AAC07 /* InfoPlist.strings */; };
		9670E1580A5FA132009A73E0 /* SDLMain.nib in Resources */ = {isa = PBXBuildFile; fileRef = 96D632670A4E9B9D00FBFA27 /* SDLMain.nib */; };
		9670E1590A5FA132009A73E0 /* Hatari.icns in Resources */ = {isa = PBXBuildFile; fileRef = 96CD27C20A58450A008DE57F /* Hatari.icns */; };
		9670E15B0A5FA132009A73E0 /* SDLMain.m in Sources */ = {isa = PBXBuildFile; fileRef = F5A47A9E01A0483001D3D55B /* SDLMain.m */; };
		9670E15C0A5FA132009A73E0 /* audio.c in Sources */ = {isa = PBXBuildFile; fileRef = E9283E7307512EA200DA6B24 /* audio.c */; };
		9670E15D0A5FA132009A73E0 /* bios.c in Sources */ = {isa = PBXBuildFile; fileRef = E9283E7407512EA200DA6B24 /* bios.c */; };
		9670E15E0A5FA132009A73E0 /* blitter.c in Sources */ = {isa = PBXBuildFile; fileRef = E9283E7507512EA200DA6B24 /* blitter.c */; };
		9670E15F0A5FA132009A73E0 /* cart.c in Sources */ = {isa = PBXBuildFile; fileRef = E9283E7707512EA200DA6B24 /* cart.c */; };
		9670E1600A5FA132009A73E0 /* cfgopts.c in Sources */ = {isa = PBXBuildFile; fileRef = E9283E7907512EA200DA6B24 /* cfgopts.c */; };
		9670E1610A5FA132009A73E0 /* configuration.c in Sources */ = {isa = PBXBuildFile; fileRef = E9283E7A07512EA200DA6B24 /* configuration.c */; };
		9670E1620A5FA132009A73E0 /* createBlankImage.c in Sources */ = {isa = PBXBuildFile; fileRef = E9283E7B07512EA200DA6B24 /* createBlankImage.c */; };
		9670E1630A5FA132009A73E0 /* debugui.c in Sources */ = {isa = PBXBuildFile; fileRef = E9283E7D07512EA200DA6B24 /* debugui.c */; };
		9670E1640A5FA132009A73E0 /* dialog.c in Sources */ = {isa = PBXBuildFile; fileRef = E9283E7E07512EA200DA6B24 /* dialog.c */; };
		9670E1650A5FA132009A73E0 /* dim.c in Sources */ = {isa = PBXBuildFile; fileRef = E9283E7F07512EA200DA6B24 /* dim.c */; };
		9670E1660A5FA132009A73E0 /* fdc.c in Sources */ = {isa = PBXBuildFile; fileRef = E9283E8107512EA200DA6B24 /* fdc.c */; };
		9670E1670A5FA132009A73E0 /* file.c in Sources */ = {isa = PBXBuildFile; fileRef = E9283E8207512EA200DA6B24 /* file.c */; };
		9670E1680A5FA132009A73E0 /* floppy.c in Sources */ = {isa = PBXBuildFile; fileRef = E9283E8307512EA200DA6B24 /* floppy.c */; };
		9670E1690A5FA132009A73E0 /* gemdos.c in Sources */ = {isa = PBXBuildFile; fileRef = E9283E8407512EA200DA6B24 /* gemdos.c */; };
		9670E16A0A5FA132009A73E0 /* dlgAbout.c in Sources */ = {isa = PBXBuildFile; fileRef = E9283E8707512EA200DA6B24 /* dlgAbout.c */; };
		9670E16B0A5FA132009A73E0 /* dlgAlert.c in Sources */ = {isa = PBXBuildFile; fileRef = E9283E8807512EA200DA6B24 /* dlgAlert.c */; };
		9670E16C0A5FA132009A73E0 /* dlgDevice.c in Sources */ = {isa = PBXBuildFile; fileRef = E9283E8907512EA200DA6B24 /* dlgDevice.c */; };
		9670E16E0A5FA132009A73E0 /* dlgFileSelect.c in Sources */ = {isa = PBXBuildFile; fileRef = E9283E8B07512EA200DA6B24 /* dlgFileSelect.c */; };
		9670E16F0A5FA132009A73E0 /* dlgJoystick.c in Sources */ = {isa = PBXBuildFile; fileRef = E9283E8C07512EA200DA6B24 /* dlgJoystick.c */; };
		9670E1700A5FA132009A73E0 /* dlgKeyboard.c in Sources */ = {isa = PBXBuildFile; fileRef = E9283E8D07512EA200DA6B24 /* dlgKeyboard.c */; };
		9670E1710A5FA132009A73E0 /* dlgMain.c in Sources */ = {isa = PBXBuildFile; fileRef = E9283E8E07512EA200DA6B24 /* dlgMain.c */; };
		9670E1720A5FA132009A73E0 /* dlgMemory.c in Sources */ = {isa = PBXBuildFile; fileRef = E9283E8F07512EA200DA6B24 /* dlgMemory.c */; };
		9670E1740A5FA132009A73E0 /* dlgScreen.c in Sources */ = {isa = PBXBuildFile; fileRef = E9283E9107512EA200DA6B24 /* dlgScreen.c */; };
		9670E1750A5FA132009A73E0 /* dlgSound.c in Sources */ = {isa = PBXBuildFile; fileRef = E9283E9207512EA200DA6B24 /* dlgSound.c */; };
		9670E1760A5FA132009A73E0 /* dlgSystem.c in Sources */ = {isa = PBXBuildFile; fileRef = E9283E9307512EA200DA6B24 /* dlgSystem.c */; };
		9670E1770A5FA132009A73E0 /* sdlgui.c in Sources */ = {isa = PBXBuildFile; fileRef = E9283E9A07512EA200DA6B24 /* sdlgui.c */; };
		9670E1780A5FA132009A73E0 /* hdc.c in Sources */ = {isa = PBXBuildFile; fileRef = E9283E9B07512EA200DA6B24 /* hdc.c */; };
		9670E1790A5FA132009A73E0 /* ikbd.c in Sources */ = {isa = PBXBuildFile; fileRef = E9283E9C07512EA200DA6B24 /* ikbd.c */; };
		9670E17A0A5FA132009A73E0 /* int.c in Sources */ = {isa = PBXBuildFile; fileRef = E9283ED307512EA200DA6B24 /* int.c */; };
		9670E17B0A5FA132009A73E0 /* joy.c in Sources */ = {isa = PBXBuildFile; fileRef = E9283ED507512EA200DA6B24 /* joy.c */; };
		9670E17C0A5FA132009A73E0 /* keymap.c in Sources */ = {isa = PBXBuildFile; fileRef = E9283ED607512EA200DA6B24 /* keymap.c */; };
		9670E17D0A5FA132009A73E0 /* m68000.c in Sources */ = {isa = PBXBuildFile; fileRef = E9283ED707512EA200DA6B24 /* m68000.c */; };
		9670E17E0A5FA132009A73E0 /* main.c in Sources */ = {isa = PBXBuildFile; fileRef = E9283ED807512EA200DA6B24 /* main.c */; };
		9670E17F0A5FA132009A73E0 /* memorySnapShot.c in Sources */ = {isa = PBXBuildFile; fileRef = E9283EDA07512EA200DA6B24 /* memorySnapShot.c */; };
		9670E1800A5FA132009A73E0 /* mfp.c in Sources */ = {isa = PBXBuildFile; fileRef = E9283EDB07512EA200DA6B24 /* mfp.c */; };
		9670E1810A5FA132009A73E0 /* midi.c in Sources */ = {isa = PBXBuildFile; fileRef = E9283EDC07512EA200DA6B24 /* midi.c */; };
		9670E1820A5FA132009A73E0 /* misc.c in Sources */ = {isa = PBXBuildFile; fileRef = E9283EDD07512EA200DA6B24 /* misc.c */; };
		9670E1830A5FA132009A73E0 /* msa.c in Sources */ = {isa = PBXBuildFile; fileRef = E9283EDE07512EA200DA6B24 /* msa.c */; };
		9670E1840A5FA132009A73E0 /* printer.c in Sources */ = {isa = PBXBuildFile; fileRef = E9283EDF07512EA200DA6B24 /* printer.c */; };
		9670E1850A5FA132009A73E0 /* psg.c in Sources */ = {isa = PBXBuildFile; fileRef = E9283EE007512EA200DA6B24 /* psg.c */; };
		9670E1860A5FA132009A73E0 /* reset.c in Sources */ = {isa = PBXBuildFile; fileRef = E9283EE107512EA200DA6B24 /* reset.c */; };
		9670E1870A5FA132009A73E0 /* rs232.c in Sources */ = {isa = PBXBuildFile; fileRef = E9283EE207512EA200DA6B24 /* rs232.c */; };
		9670E1880A5FA132009A73E0 /* rtc.c in Sources */ = {isa = PBXBuildFile; fileRef = E9283EE307512EA200DA6B24 /* rtc.c */; };
		9670E1890A5FA132009A73E0 /* screen.c in Sources */ = {isa = PBXBuildFile; fileRef = E9283EE407512EA200DA6B24 /* screen.c */; };
		9670E18A0A5FA132009A73E0 /* screenSnapShot.c in Sources */ = {isa = PBXBuildFile; fileRef = E9283EE607512EA200DA6B24 /* screenSnapShot.c */; };
		9670E18B0A5FA132009A73E0 /* shortcut.c in Sources */ = {isa = PBXBuildFile; fileRef = E9283EE707512EA200DA6B24 /* shortcut.c */; };
		9670E18C0A5FA132009A73E0 /* sound.c in Sources */ = {isa = PBXBuildFile; fileRef = E9283EE807512EA200DA6B24 /* sound.c */; };
		9670E18D0A5FA132009A73E0 /* spec512.c in Sources */ = {isa = PBXBuildFile; fileRef = E9283EE907512EA200DA6B24 /* spec512.c */; };
		9670E18E0A5FA132009A73E0 /* st.c in Sources */ = {isa = PBXBuildFile; fileRef = E9283EEA07512EA200DA6B24 /* st.c */; };
		9670E18F0A5FA132009A73E0 /* stMemory.c in Sources */ = {isa = PBXBuildFile; fileRef = E9283EEB07512EA200DA6B24 /* stMemory.c */; };
		9670E1900A5FA132009A73E0 /* tos.c in Sources */ = {isa = PBXBuildFile; fileRef = E9283EEC07512EA200DA6B24 /* tos.c */; };
		9670E1910A5FA132009A73E0 /* fpp.c in Sources */ = {isa = PBXBuildFile; fileRef = E9283EF207512EA200DA6B24 /* fpp.c */; };
		9670E1920A5FA132009A73E0 /* hatari-glue.c in Sources */ = {isa = PBXBuildFile; fileRef = E9283EF407512EA200DA6B24 /* hatari-glue.c */; };
		9670E1930A5FA132009A73E0 /* memory.c in Sources */ = {isa = PBXBuildFile; fileRef = E9283EF907512EA200DA6B24 /* memory.c */; };
		9670E1940A5FA132009A73E0 /* newcpu.c in Sources */ = {isa = PBXBuildFile; fileRef = E9283EFB07512EA200DA6B24 /* newcpu.c */; };
		9670E1950A5FA132009A73E0 /* readcpu.c in Sources */ = {isa = PBXBuildFile; fileRef = E9283EFD07512EA200DA6B24 /* readcpu.c */; };
		9670E1960A5FA132009A73E0 /* unzip.c in Sources */ = {isa = PBXBuildFile; fileRef = E9283F0107512EA200DA6B24 /* unzip.c */; };
		9670E1970A5FA132009A73E0 /* vdi.c in Sources */ = {isa = PBXBuildFile; fileRef = E9283F0207512EA200DA6B24 /* vdi.c */; };
		9670E1980A5FA132009A73E0 /* video.c in Sources */ = {isa = PBXBuildFile; fileRef = E9283F0307512EA200DA6B24 /* video.c */; };
		9670E1990A5FA132009A73E0 /* wavFormat.c in Sources */ = {isa = PBXBuildFile; fileRef = E9283F0407512EA200DA6B24 /* wavFormat.c */; };
		9670E19A0A5FA132009A73E0 /* xbios.c in Sources */ = {isa = PBXBuildFile; fileRef = E9283F0507512EA200DA6B24 /* xbios.c */; };
		9670E19B0A5FA132009A73E0 /* ymFormat.c in Sources */ = {isa = PBXBuildFile; fileRef = E9283F0607512EA200DA6B24 /* ymFormat.c */; };
		9670E19C0A5FA132009A73E0 /* zip.c in Sources */ = {isa = PBXBuildFile; fileRef = E9283F0707512EA200DA6B24 /* zip.c */; };
		9670E19D0A5FA132009A73E0 /* cpuemu.c in Sources */ = {isa = PBXBuildFile; fileRef = E9987A66075134AA007DC37B /* cpuemu.c */; };
		9670E19E0A5FA132009A73E0 /* cpudefs.c in Sources */ = {isa = PBXBuildFile; fileRef = E9987A7B075135D6007DC37B /* cpudefs.c */; };
		9670E19F0A5FA132009A73E0 /* cpustbl.c in Sources */ = {isa = PBXBuildFile; fileRef = E9987A7C075135D6007DC37B /* cpustbl.c */; };
		9670E1A00A5FA132009A73E0 /* ioMem.c in Sources */ = {isa = PBXBuildFile; fileRef = E99035B107E8C909000E7CD7 /* ioMem.c */; };
		9670E1A20A5FA132009A73E0 /* log.c in Sources */ = {isa = PBXBuildFile; fileRef = E9933BC20802F0F800E20172 /* log.c */; };
		9670E1A30A5FA132009A73E0 /* dmaSnd.c in Sources */ = {isa = PBXBuildFile; fileRef = E930274E08EC5CD0000FB60E /* dmaSnd.c */; };
		9670E1A40A5FA132009A73E0 /* cycles.c in Sources */ = {isa = PBXBuildFile; fileRef = 9652821A0998134C00BE6A34 /* cycles.c */; };
		9670E1A50A5FA132009A73E0 /* PrefsController.m in Sources */ = {isa = PBXBuildFile; fileRef = 962F64EA09A922B20054BE9B /* PrefsController.m */; };
		9670E1A60A5FA132009A73E0 /* CreateFloppyController.m in Sources */ = {isa = PBXBuildFile; fileRef = 96ECC69409B9907A00C5C54F /* CreateFloppyController.m */; };
		9670E1A70A5FA132009A73E0 /* Shared.m in Sources */ = {isa = PBXBuildFile; fileRef = 96C84DB50A549F4B00CAF172 /* Shared.m */; };
		9670E1A80A5FA132009A73E0 /* AlertHooks.m in Sources */ = {isa = PBXBuildFile; fileRef = 96BEBB400A567AC0007ADA48 /* AlertHooks.m */; };
		9670E1A90A5FA132009A73E0 /* dlgRom.c in Sources */ = {isa = PBXBuildFile; fileRef = 96CD27820A58443F008DE57F /* dlgRom.c */; };
		9670E1AA0A5FA132009A73E0 /* options.c in Sources */ = {isa = PBXBuildFile; fileRef = 968DE4D30A59B234007517A4 /* options.c */; };
		9670E1AC0A5FA132009A73E0 /* Cocoa.framework in Frameworks */ = {isa = PBXBuildFile; fileRef = 1058C7A1FEA54F0111CA2CBB /* Cocoa.framework */; };
		9670E1C20A5FA25A009A73E0 /* SDL.framework in Frameworks */ = {isa = PBXBuildFile; fileRef = 9670E1C10A5FA25A009A73E0 /* SDL.framework */; };
		968B50F00D83704D00C21920 /* dlgDisk.c in Sources */ = {isa = PBXBuildFile; fileRef = 968B50EE0D83704D00C21920 /* dlgDisk.c */; };
		968B50F10D83704D00C21920 /* dlgNewDisk.c in Sources */ = {isa = PBXBuildFile; fileRef = 968B50EF0D83704D00C21920 /* dlgNewDisk.c */; };
		969191280AA205A80008B3A0 /* scandir.c in Sources */ = {isa = PBXBuildFile; fileRef = 969191270AA205A80008B3A0 /* scandir.c */; };
		9691912A0AA205D60008B3A0 /* scandir.h in Headers */ = {isa = PBXBuildFile; fileRef = 969191290AA205D60008B3A0 /* scandir.h */; };
		96B15D550D836F8F000326A2 /* paths.h in Headers */ = {isa = PBXBuildFile; fileRef = 96B15D540D836F8F000326A2 /* paths.h */; };
		96B15D570D836F9A000326A2 /* trace.h in Headers */ = {isa = PBXBuildFile; fileRef = 96B15D560D836F9A000326A2 /* trace.h */; };
		96B15D5A0D836FC0000326A2 /* paths.c in Sources */ = {isa = PBXBuildFile; fileRef = 96B15D580D836FC0000326A2 /* paths.c */; };
		96B15D5B0D836FC0000326A2 /* trace.c in Sources */ = {isa = PBXBuildFile; fileRef = 96B15D590D836FC0000326A2 /* trace.c */; };
/* End PBXBuildFile section */

/* Begin PBXContainerItemProxy section */
		9670E3360A5FA5A5009A73E0 /* PBXContainerItemProxy */ = {
			isa = PBXContainerItemProxy;
			containerPortal = 29B97313FDCFA39411CA2CEA /* Project object */;
			proxyType = 1;
			remoteGlobalIDString = E97980AD07513008008815D3;
			remoteInfo = cpuemu.c;
		};
/* End PBXContainerItemProxy section */

/* Begin PBXFileReference section */
		089C165DFE840E0CC02AAC07 /* English */ = {isa = PBXFileReference; fileEncoding = 10; lastKnownFileType = text.plist.strings; name = English; path = English.lproj/InfoPlist.strings; sourceTree = "<group>"; };
		1058C7A1FEA54F0111CA2CBB /* Cocoa.framework */ = {isa = PBXFileReference; lastKnownFileType = wrapper.framework; name = Cocoa.framework; path = /System/Library/Frameworks/Cocoa.framework; sourceTree = "<absolute>"; };
		29B97324FDCFA39411CA2CEA /* AppKit.framework */ = {isa = PBXFileReference; lastKnownFileType = wrapper.framework; name = AppKit.framework; path = /System/Library/Frameworks/AppKit.framework; sourceTree = "<absolute>"; };
		29B97325FDCFA39411CA2CEA /* Foundation.framework */ = {isa = PBXFileReference; lastKnownFileType = wrapper.framework; name = Foundation.framework; path = /System/Library/Frameworks/Foundation.framework; sourceTree = "<absolute>"; };
		961322D20B5BCDB900007C3E /* acsite.m4 */ = {isa = PBXFileReference; fileEncoding = 4; lastKnownFileType = text; path = acsite.m4; sourceTree = "<group>"; };
		961322D30B5BCDB900007C3E /* config-default.h */ = {isa = PBXFileReference; fileEncoding = 4; lastKnownFileType = sourcecode.c.h; path = "config-default.h"; sourceTree = "<group>"; };
		961322D50B5BCDB900007C3E /* Makefile-default.cnf */ = {isa = PBXFileReference; fileEncoding = 4; lastKnownFileType = text; path = "Makefile-default.cnf"; sourceTree = "<group>"; };
		961322D60B5BCDB900007C3E /* Makefile-MinGW.cnf */ = {isa = PBXFileReference; fileEncoding = 4; lastKnownFileType = text; path = "Makefile-MinGW.cnf"; sourceTree = "<group>"; };
		961322E60B5BCFBB00007C3E /* config.h */ = {isa = PBXFileReference; fileEncoding = 4; lastKnownFileType = sourcecode.c.h; path = config.h; sourceTree = "<group>"; };
		961322EF0B5BD0B800007C3E /* araglue.h */ = {isa = PBXFileReference; fileEncoding = 4; lastKnownFileType = sourcecode.c.h; name = araglue.h; path = src/falcon/araglue.h; sourceTree = "<group>"; };
		961322F00B5BD0B800007C3E /* dsp_cpu.c */ = {isa = PBXFileReference; fileEncoding = 4; lastKnownFileType = sourcecode.c.c; name = dsp_cpu.c; path = src/falcon/dsp_cpu.c; sourceTree = "<group>"; };
		961322F10B5BD0B800007C3E /* dsp_cpu.h */ = {isa = PBXFileReference; fileEncoding = 4; lastKnownFileType = sourcecode.c.h; name = dsp_cpu.h; path = src/falcon/dsp_cpu.h; sourceTree = "<group>"; };
		961322F20B5BD0B800007C3E /* dsp_disasm.c */ = {isa = PBXFileReference; fileEncoding = 4; lastKnownFileType = sourcecode.c.c; name = dsp_disasm.c; path = src/falcon/dsp_disasm.c; sourceTree = "<group>"; };
		961322F30B5BD0B800007C3E /* dsp_disasm.h */ = {isa = PBXFileReference; fileEncoding = 4; lastKnownFileType = sourcecode.c.h; name = dsp_disasm.h; path = src/falcon/dsp_disasm.h; sourceTree = "<group>"; };
		961322F40B5BD0B800007C3E /* dsp.c */ = {isa = PBXFileReference; fileEncoding = 4; lastKnownFileType = sourcecode.c.c; name = dsp.c; path = src/falcon/dsp.c; sourceTree = "<group>"; };
		961322F50B5BD0B800007C3E /* dsp.h */ = {isa = PBXFileReference; fileEncoding = 4; lastKnownFileType = sourcecode.c.h; name = dsp.h; path = src/falcon/dsp.h; sourceTree = "<group>"; };
		961322F60B5BD0B800007C3E /* hostscreen.c */ = {isa = PBXFileReference; fileEncoding = 4; lastKnownFileType = sourcecode.c.c; name = hostscreen.c; path = src/falcon/hostscreen.c; sourceTree = "<group>"; };
		961322F70B5BD0B800007C3E /* hostscreen.h */ = {isa = PBXFileReference; fileEncoding = 4; lastKnownFileType = sourcecode.c.h; name = hostscreen.h; path = src/falcon/hostscreen.h; sourceTree = "<group>"; };
		961322F90B5BD0B800007C3E /* videl.c */ = {isa = PBXFileReference; fileEncoding = 4; lastKnownFileType = sourcecode.c.c; name = videl.c; path = src/falcon/videl.c; sourceTree = "<group>"; };
		961322FA0B5BD0B800007C3E /* videl.h */ = {isa = PBXFileReference; fileEncoding = 4; lastKnownFileType = sourcecode.c.h; name = videl.h; path = src/falcon/videl.h; sourceTree = "<group>"; };
		961323070B5BD14B00007C3E /* ioMemTabFalcon.c */ = {isa = PBXFileReference; fileEncoding = 4; lastKnownFileType = sourcecode.c.c; name = ioMemTabFalcon.c; path = src/ioMemTabFalcon.c; sourceTree = "<group>"; };
		961323080B5BD14B00007C3E /* ioMemTabST.c */ = {isa = PBXFileReference; fileEncoding = 4; lastKnownFileType = sourcecode.c.c; name = ioMemTabST.c; path = src/ioMemTabST.c; sourceTree = "<group>"; };
		961323090B5BD14B00007C3E /* ioMemTabSTE.c */ = {isa = PBXFileReference; fileEncoding = 4; lastKnownFileType = sourcecode.c.c; name = ioMemTabSTE.c; path = src/ioMemTabSTE.c; sourceTree = "<group>"; };
		9613230A0B5BD14B00007C3E /* ioMemTabTT.c */ = {isa = PBXFileReference; fileEncoding = 4; lastKnownFileType = sourcecode.c.c; name = ioMemTabTT.c; path = src/ioMemTabTT.c; sourceTree = "<group>"; };
		961323110B5BD17700007C3E /* ide.h */ = {isa = PBXFileReference; fileEncoding = 4; lastKnownFileType = sourcecode.c.h; name = ide.h; path = src/includes/ide.h; sourceTree = "<group>"; };
		9613232F0B5BD66600007C3E /* ide.c */ = {isa = PBXFileReference; fileEncoding = 4; lastKnownFileType = sourcecode.c.c; name = ide.c; path = src/ide.c; sourceTree = "<group>"; };
		962F64E909A922B20054BE9B /* PrefsController.h */ = {isa = PBXFileReference; fileEncoding = 4; lastKnownFileType = sourcecode.c.h; path = PrefsController.h; sourceTree = "<group>"; };
		962F64EA09A922B20054BE9B /* PrefsController.m */ = {isa = PBXFileReference; fileEncoding = 4; lastKnownFileType = sourcecode.c.objc; path = PrefsController.m; sourceTree = "<group>"; };
		9652821A0998134C00BE6A34 /* cycles.c */ = {isa = PBXFileReference; fileEncoding = 4; lastKnownFileType = sourcecode.c.c; name = cycles.c; path = src/cycles.c; sourceTree = "<group>"; };
		9652821F0998136500BE6A34 /* cycles.h */ = {isa = PBXFileReference; fileEncoding = 4; lastKnownFileType = sourcecode.c.h; path = cycles.h; sourceTree = "<group>"; };
		96635B750BF86FDF00518B3B /* nvram.c */ = {isa = PBXFileReference; fileEncoding = 4; lastKnownFileType = sourcecode.c.c; name = nvram.c; path = src/falcon/nvram.c; sourceTree = "<group>"; };
		96635B760BF86FDF00518B3B /* nvram.h */ = {isa = PBXFileReference; fileEncoding = 4; lastKnownFileType = sourcecode.c.h; name = nvram.h; path = src/falcon/nvram.h; sourceTree = "<group>"; };
		9670E1B00A5FA132009A73E0 /* Info-Hatari.plist */ = {isa = PBXFileReference; lastKnownFileType = text.xml; path = "Info-Hatari.plist"; sourceTree = "<group>"; };
		9670E1B10A5FA132009A73E0 /* Hatari.app */ = {isa = PBXFileReference; explicitFileType = wrapper.application; includeInIndex = 0; path = Hatari.app; sourceTree = BUILT_PRODUCTS_DIR; };
		9670E1C10A5FA25A009A73E0 /* SDL.framework */ = {isa = PBXFileReference; lastKnownFileType = wrapper.framework; name = SDL.framework; path = /Library/Frameworks/SDL.framework; sourceTree = "<absolute>"; };
		968B50EE0D83704D00C21920 /* dlgDisk.c */ = {isa = PBXFileReference; fileEncoding = 4; lastKnownFileType = sourcecode.c.c; path = dlgDisk.c; sourceTree = "<group>"; };
		968B50EF0D83704D00C21920 /* dlgNewDisk.c */ = {isa = PBXFileReference; fileEncoding = 4; lastKnownFileType = sourcecode.c.c; path = dlgNewDisk.c; sourceTree = "<group>"; };
		968DE4CE0A59B1E8007517A4 /* gemdos_defines.h */ = {isa = PBXFileReference; fileEncoding = 4; lastKnownFileType = sourcecode.c.h; path = gemdos_defines.h; sourceTree = "<group>"; };
		968DE4CF0A59B1E8007517A4 /* options.h */ = {isa = PBXFileReference; fileEncoding = 4; lastKnownFileType = sourcecode.c.h; path = options.h; sourceTree = "<group>"; };
		968DE4D30A59B234007517A4 /* options.c */ = {isa = PBXFileReference; fileEncoding = 4; lastKnownFileType = sourcecode.c.c; name = options.c; path = src/options.c; sourceTree = "<group>"; };
		969191270AA205A80008B3A0 /* scandir.c */ = {isa = PBXFileReference; fileEncoding = 4; lastKnownFileType = sourcecode.c.c; name = scandir.c; path = src/scandir.c; sourceTree = "<group>"; };
		969191290AA205D60008B3A0 /* scandir.h */ = {isa = PBXFileReference; fileEncoding = 4; lastKnownFileType = sourcecode.c.h; path = scandir.h; sourceTree = "<group>"; };
		96B15D540D836F8F000326A2 /* paths.h */ = {isa = PBXFileReference; fileEncoding = 4; lastKnownFileType = sourcecode.c.h; path = paths.h; sourceTree = "<group>"; };
		96B15D560D836F9A000326A2 /* trace.h */ = {isa = PBXFileReference; fileEncoding = 4; lastKnownFileType = sourcecode.c.h; path = trace.h; sourceTree = "<group>"; };
		96B15D580D836FC0000326A2 /* paths.c */ = {isa = PBXFileReference; fileEncoding = 4; lastKnownFileType = sourcecode.c.c; name = paths.c; path = src/paths.c; sourceTree = "<group>"; };
		96B15D590D836FC0000326A2 /* trace.c */ = {isa = PBXFileReference; fileEncoding = 4; lastKnownFileType = sourcecode.c.c; name = trace.c; path = src/trace.c; sourceTree = "<group>"; };
		96BEBB3F0A567AC0007ADA48 /* AlertHooks.h */ = {isa = PBXFileReference; fileEncoding = 4; lastKnownFileType = sourcecode.c.h; path = AlertHooks.h; sourceTree = "<group>"; };
		96BEBB400A567AC0007ADA48 /* AlertHooks.m */ = {isa = PBXFileReference; fileEncoding = 4; lastKnownFileType = sourcecode.c.objc; path = AlertHooks.m; sourceTree = "<group>"; };
		96C84DB40A549F4B00CAF172 /* Shared.h */ = {isa = PBXFileReference; fileEncoding = 4; lastKnownFileType = sourcecode.c.h; path = Shared.h; sourceTree = "<group>"; };
		96C84DB50A549F4B00CAF172 /* Shared.m */ = {isa = PBXFileReference; fileEncoding = 4; lastKnownFileType = sourcecode.c.objc; path = Shared.m; sourceTree = "<group>"; };
		96CD27820A58443F008DE57F /* dlgRom.c */ = {isa = PBXFileReference; fileEncoding = 4; lastKnownFileType = sourcecode.c.c; path = dlgRom.c; sourceTree = "<group>"; };
		96CD27C20A58450A008DE57F /* Hatari.icns */ = {isa = PBXFileReference; lastKnownFileType = image.icns; name = Hatari.icns; path = "src/gui-osx/Hatari.icns"; sourceTree = "<group>"; };
		96D632670A4E9B9D00FBFA27 /* SDLMain.nib */ = {isa = PBXFileReference; lastKnownFileType = wrapper.nib; path = SDLMain.nib; sourceTree = "<group>"; };
		96ECC69309B9907A00C5C54F /* CreateFloppyController.h */ = {isa = PBXFileReference; fileEncoding = 4; lastKnownFileType = sourcecode.c.h; path = CreateFloppyController.h; sourceTree = "<group>"; };
		96ECC69409B9907A00C5C54F /* CreateFloppyController.m */ = {isa = PBXFileReference; fileEncoding = 4; lastKnownFileType = sourcecode.c.objc; path = CreateFloppyController.m; sourceTree = "<group>"; };
		E9283E7307512EA200DA6B24 /* audio.c */ = {isa = PBXFileReference; fileEncoding = 5; lastKnownFileType = sourcecode.c.c; name = audio.c; path = src/audio.c; sourceTree = "<group>"; };
		E9283E7407512EA200DA6B24 /* bios.c */ = {isa = PBXFileReference; fileEncoding = 5; lastKnownFileType = sourcecode.c.c; name = bios.c; path = src/bios.c; sourceTree = "<group>"; };
		E9283E7507512EA200DA6B24 /* blitter.c */ = {isa = PBXFileReference; fileEncoding = 5; lastKnownFileType = sourcecode.c.c; name = blitter.c; path = src/blitter.c; sourceTree = "<group>"; };
		E9283E7607512EA200DA6B24 /* cart_asm.s */ = {isa = PBXFileReference; fileEncoding = 5; lastKnownFileType = sourcecode.asm; name = cart_asm.s; path = src/cart_asm.s; sourceTree = "<group>"; };
		E9283E7707512EA200DA6B24 /* cart.c */ = {isa = PBXFileReference; fileEncoding = 5; lastKnownFileType = sourcecode.c.c; name = cart.c; path = src/cart.c; sourceTree = "<group>"; };
		E9283E7907512EA200DA6B24 /* cfgopts.c */ = {isa = PBXFileReference; fileEncoding = 5; lastKnownFileType = sourcecode.c.c; name = cfgopts.c; path = src/cfgopts.c; sourceTree = "<group>"; };
		E9283E7A07512EA200DA6B24 /* configuration.c */ = {isa = PBXFileReference; fileEncoding = 5; lastKnownFileType = sourcecode.c.c; name = configuration.c; path = src/configuration.c; sourceTree = "<group>"; };
		E9283E7B07512EA200DA6B24 /* createBlankImage.c */ = {isa = PBXFileReference; fileEncoding = 5; lastKnownFileType = sourcecode.c.c; name = createBlankImage.c; path = src/createBlankImage.c; sourceTree = "<group>"; };
		E9283E7D07512EA200DA6B24 /* debugui.c */ = {isa = PBXFileReference; fileEncoding = 5; lastKnownFileType = sourcecode.c.c; name = debugui.c; path = src/debugui.c; sourceTree = "<group>"; };
		E9283E7E07512EA200DA6B24 /* dialog.c */ = {isa = PBXFileReference; fileEncoding = 5; lastKnownFileType = sourcecode.c.c; name = dialog.c; path = src/dialog.c; sourceTree = "<group>"; };
		E9283E7F07512EA200DA6B24 /* dim.c */ = {isa = PBXFileReference; fileEncoding = 5; lastKnownFileType = sourcecode.c.c; name = dim.c; path = src/dim.c; sourceTree = "<group>"; };
		E9283E8107512EA200DA6B24 /* fdc.c */ = {isa = PBXFileReference; fileEncoding = 5; lastKnownFileType = sourcecode.c.c; name = fdc.c; path = src/fdc.c; sourceTree = "<group>"; };
		E9283E8207512EA200DA6B24 /* file.c */ = {isa = PBXFileReference; fileEncoding = 5; lastKnownFileType = sourcecode.c.c; name = file.c; path = src/file.c; sourceTree = "<group>"; };
		E9283E8307512EA200DA6B24 /* floppy.c */ = {isa = PBXFileReference; fileEncoding = 5; lastKnownFileType = sourcecode.c.c; name = floppy.c; path = src/floppy.c; sourceTree = "<group>"; };
		E9283E8407512EA200DA6B24 /* gemdos.c */ = {isa = PBXFileReference; fileEncoding = 5; lastKnownFileType = sourcecode.c.c; name = gemdos.c; path = src/gemdos.c; sourceTree = "<group>"; };
		E9283E8707512EA200DA6B24 /* dlgAbout.c */ = {isa = PBXFileReference; fileEncoding = 5; lastKnownFileType = sourcecode.c.c; path = dlgAbout.c; sourceTree = "<group>"; };
		E9283E8807512EA200DA6B24 /* dlgAlert.c */ = {isa = PBXFileReference; fileEncoding = 5; lastKnownFileType = sourcecode.c.c; path = dlgAlert.c; sourceTree = "<group>"; };
		E9283E8907512EA200DA6B24 /* dlgDevice.c */ = {isa = PBXFileReference; fileEncoding = 5; lastKnownFileType = sourcecode.c.c; path = dlgDevice.c; sourceTree = "<group>"; };
		E9283E8B07512EA200DA6B24 /* dlgFileSelect.c */ = {isa = PBXFileReference; fileEncoding = 5; lastKnownFileType = sourcecode.c.c; path = dlgFileSelect.c; sourceTree = "<group>"; };
		E9283E8C07512EA200DA6B24 /* dlgJoystick.c */ = {isa = PBXFileReference; fileEncoding = 5; lastKnownFileType = sourcecode.c.c; path = dlgJoystick.c; sourceTree = "<group>"; };
		E9283E8D07512EA200DA6B24 /* dlgKeyboard.c */ = {isa = PBXFileReference; fileEncoding = 5; lastKnownFileType = sourcecode.c.c; path = dlgKeyboard.c; sourceTree = "<group>"; };
		E9283E8E07512EA200DA6B24 /* dlgMain.c */ = {isa = PBXFileReference; fileEncoding = 5; lastKnownFileType = sourcecode.c.c; path = dlgMain.c; sourceTree = "<group>"; };
		E9283E8F07512EA200DA6B24 /* dlgMemory.c */ = {isa = PBXFileReference; fileEncoding = 5; lastKnownFileType = sourcecode.c.c; path = dlgMemory.c; sourceTree = "<group>"; };
		E9283E9107512EA200DA6B24 /* dlgScreen.c */ = {isa = PBXFileReference; fileEncoding = 5; lastKnownFileType = sourcecode.c.c; path = dlgScreen.c; sourceTree = "<group>"; };
		E9283E9207512EA200DA6B24 /* dlgSound.c */ = {isa = PBXFileReference; fileEncoding = 5; lastKnownFileType = sourcecode.c.c; path = dlgSound.c; sourceTree = "<group>"; };
		E9283E9307512EA200DA6B24 /* dlgSystem.c */ = {isa = PBXFileReference; fileEncoding = 5; lastKnownFileType = sourcecode.c.c; path = dlgSystem.c; sourceTree = "<group>"; };
		E9283E9607512EA200DA6B24 /* font10x16.h */ = {isa = PBXFileReference; fileEncoding = 5; lastKnownFileType = sourcecode.c.h; path = font10x16.h; sourceTree = "<group>"; };
		E9283E9807512EA200DA6B24 /* font5x8.h */ = {isa = PBXFileReference; fileEncoding = 5; lastKnownFileType = sourcecode.c.h; path = font5x8.h; sourceTree = "<group>"; };
		E9283E9A07512EA200DA6B24 /* sdlgui.c */ = {isa = PBXFileReference; fileEncoding = 5; lastKnownFileType = sourcecode.c.c; path = sdlgui.c; sourceTree = "<group>"; };
		E9283E9B07512EA200DA6B24 /* hdc.c */ = {isa = PBXFileReference; fileEncoding = 5; lastKnownFileType = sourcecode.c.c; name = hdc.c; path = src/hdc.c; sourceTree = "<group>"; };
		E9283E9C07512EA200DA6B24 /* ikbd.c */ = {isa = PBXFileReference; fileEncoding = 5; lastKnownFileType = sourcecode.c.c; name = ikbd.c; path = src/ikbd.c; sourceTree = "<group>"; };
		E9283E9E07512EA200DA6B24 /* audio.h */ = {isa = PBXFileReference; fileEncoding = 5; lastKnownFileType = sourcecode.c.h; path = audio.h; sourceTree = "<group>"; };
		E9283E9F07512EA200DA6B24 /* bios.h */ = {isa = PBXFileReference; fileEncoding = 5; lastKnownFileType = sourcecode.c.h; path = bios.h; sourceTree = "<group>"; };
		E9283EA007512EA200DA6B24 /* blitter.h */ = {isa = PBXFileReference; fileEncoding = 5; lastKnownFileType = sourcecode.c.h; path = blitter.h; sourceTree = "<group>"; };
		E9283EA107512EA200DA6B24 /* cart.h */ = {isa = PBXFileReference; fileEncoding = 5; lastKnownFileType = sourcecode.c.h; path = cart.h; sourceTree = "<group>"; };
		E9283EA207512EA200DA6B24 /* cfgopts.h */ = {isa = PBXFileReference; fileEncoding = 5; lastKnownFileType = sourcecode.c.h; path = cfgopts.h; sourceTree = "<group>"; };
		E9283EA307512EA200DA6B24 /* configuration.h */ = {isa = PBXFileReference; fileEncoding = 5; lastKnownFileType = sourcecode.c.h; path = configuration.h; sourceTree = "<group>"; };
		E9283EA407512EA200DA6B24 /* createBlankImage.h */ = {isa = PBXFileReference; fileEncoding = 5; lastKnownFileType = sourcecode.c.h; path = createBlankImage.h; sourceTree = "<group>"; };
		E9283EA607512EA200DA6B24 /* debugui.h */ = {isa = PBXFileReference; fileEncoding = 5; lastKnownFileType = sourcecode.c.h; path = debugui.h; sourceTree = "<group>"; };
		E9283EA707512EA200DA6B24 /* dialog.h */ = {isa = PBXFileReference; fileEncoding = 5; lastKnownFileType = sourcecode.c.h; path = dialog.h; sourceTree = "<group>"; };
		E9283EA807512EA200DA6B24 /* dim.h */ = {isa = PBXFileReference; fileEncoding = 5; lastKnownFileType = sourcecode.c.h; path = dim.h; sourceTree = "<group>"; };
		E9283EAA07512EA200DA6B24 /* fdc.h */ = {isa = PBXFileReference; fileEncoding = 5; lastKnownFileType = sourcecode.c.h; path = fdc.h; sourceTree = "<group>"; };
		E9283EAB07512EA200DA6B24 /* file.h */ = {isa = PBXFileReference; fileEncoding = 5; lastKnownFileType = sourcecode.c.h; path = file.h; sourceTree = "<group>"; };
		E9283EAC07512EA200DA6B24 /* floppy.h */ = {isa = PBXFileReference; fileEncoding = 5; lastKnownFileType = sourcecode.c.h; path = floppy.h; sourceTree = "<group>"; };
		E9283EAD07512EA200DA6B24 /* gemdos.h */ = {isa = PBXFileReference; fileEncoding = 5; lastKnownFileType = sourcecode.c.h; path = gemdos.h; sourceTree = "<group>"; };
		E9283EAE07512EA200DA6B24 /* hdc.h */ = {isa = PBXFileReference; fileEncoding = 5; lastKnownFileType = sourcecode.c.h; path = hdc.h; sourceTree = "<group>"; };
		E9283EAF07512EA200DA6B24 /* ikbd.h */ = {isa = PBXFileReference; fileEncoding = 5; lastKnownFileType = sourcecode.c.h; path = ikbd.h; sourceTree = "<group>"; };
		E9283EB007512EA200DA6B24 /* int.h */ = {isa = PBXFileReference; fileEncoding = 5; lastKnownFileType = sourcecode.c.h; path = int.h; sourceTree = "<group>"; };
		E9283EB207512EA200DA6B24 /* joy.h */ = {isa = PBXFileReference; fileEncoding = 5; lastKnownFileType = sourcecode.c.h; path = joy.h; sourceTree = "<group>"; };
		E9283EB307512EA200DA6B24 /* keymap.h */ = {isa = PBXFileReference; fileEncoding = 5; lastKnownFileType = sourcecode.c.h; path = keymap.h; sourceTree = "<group>"; };
		E9283EB407512EA200DA6B24 /* m68000.h */ = {isa = PBXFileReference; fileEncoding = 5; lastKnownFileType = sourcecode.c.h; path = m68000.h; sourceTree = "<group>"; };
		E9283EB507512EA200DA6B24 /* main.h */ = {isa = PBXFileReference; fileEncoding = 5; lastKnownFileType = sourcecode.c.h; path = main.h; sourceTree = "<group>"; };
		E9283EB707512EA200DA6B24 /* memorySnapShot.h */ = {isa = PBXFileReference; fileEncoding = 5; lastKnownFileType = sourcecode.c.h; path = memorySnapShot.h; sourceTree = "<group>"; };
		E9283EB807512EA200DA6B24 /* mfp.h */ = {isa = PBXFileReference; fileEncoding = 5; lastKnownFileType = sourcecode.c.h; path = mfp.h; sourceTree = "<group>"; };
		E9283EB907512EA200DA6B24 /* midi.h */ = {isa = PBXFileReference; fileEncoding = 5; lastKnownFileType = sourcecode.c.h; path = midi.h; sourceTree = "<group>"; };
		E9283EBA07512EA200DA6B24 /* misc.h */ = {isa = PBXFileReference; fileEncoding = 5; lastKnownFileType = sourcecode.c.h; path = misc.h; sourceTree = "<group>"; };
		E9283EBB07512EA200DA6B24 /* msa.h */ = {isa = PBXFileReference; fileEncoding = 5; lastKnownFileType = sourcecode.c.h; path = msa.h; sourceTree = "<group>"; };
		E9283EBC07512EA200DA6B24 /* printer.h */ = {isa = PBXFileReference; fileEncoding = 5; lastKnownFileType = sourcecode.c.h; path = printer.h; sourceTree = "<group>"; };
		E9283EBD07512EA200DA6B24 /* psg.h */ = {isa = PBXFileReference; fileEncoding = 5; lastKnownFileType = sourcecode.c.h; path = psg.h; sourceTree = "<group>"; };
		E9283EBE07512EA200DA6B24 /* reset.h */ = {isa = PBXFileReference; fileEncoding = 5; lastKnownFileType = sourcecode.c.h; path = reset.h; sourceTree = "<group>"; };
		E9283EBF07512EA200DA6B24 /* rs232.h */ = {isa = PBXFileReference; fileEncoding = 5; lastKnownFileType = sourcecode.c.h; path = rs232.h; sourceTree = "<group>"; };
		E9283EC007512EA200DA6B24 /* rtc.h */ = {isa = PBXFileReference; fileEncoding = 5; lastKnownFileType = sourcecode.c.h; path = rtc.h; sourceTree = "<group>"; };
		E9283EC107512EA200DA6B24 /* screen.h */ = {isa = PBXFileReference; fileEncoding = 5; lastKnownFileType = sourcecode.c.h; path = screen.h; sourceTree = "<group>"; };
		E9283EC407512EA200DA6B24 /* screenSnapShot.h */ = {isa = PBXFileReference; fileEncoding = 5; lastKnownFileType = sourcecode.c.h; path = screenSnapShot.h; sourceTree = "<group>"; };
		E9283EC507512EA200DA6B24 /* sdlgui.h */ = {isa = PBXFileReference; fileEncoding = 5; lastKnownFileType = sourcecode.c.h; path = sdlgui.h; sourceTree = "<group>"; };
		E9283EC607512EA200DA6B24 /* shortcut.h */ = {isa = PBXFileReference; fileEncoding = 5; lastKnownFileType = sourcecode.c.h; path = shortcut.h; sourceTree = "<group>"; };
		E9283EC707512EA200DA6B24 /* sound.h */ = {isa = PBXFileReference; fileEncoding = 5; lastKnownFileType = sourcecode.c.h; path = sound.h; sourceTree = "<group>"; };
		E9283EC807512EA200DA6B24 /* spec512.h */ = {isa = PBXFileReference; fileEncoding = 5; lastKnownFileType = sourcecode.c.h; path = spec512.h; sourceTree = "<group>"; };
		E9283EC907512EA200DA6B24 /* st.h */ = {isa = PBXFileReference; fileEncoding = 5; lastKnownFileType = sourcecode.c.h; path = st.h; sourceTree = "<group>"; };
		E9283ECA07512EA200DA6B24 /* stMemory.h */ = {isa = PBXFileReference; fileEncoding = 5; lastKnownFileType = sourcecode.c.h; path = stMemory.h; sourceTree = "<group>"; };
		E9283ECB07512EA200DA6B24 /* tos.h */ = {isa = PBXFileReference; fileEncoding = 5; lastKnownFileType = sourcecode.c.h; path = tos.h; sourceTree = "<group>"; };
		E9283ECC07512EA200DA6B24 /* unzip.h */ = {isa = PBXFileReference; fileEncoding = 5; lastKnownFileType = sourcecode.c.h; path = unzip.h; sourceTree = "<group>"; };
		E9283ECD07512EA200DA6B24 /* vdi.h */ = {isa = PBXFileReference; fileEncoding = 5; lastKnownFileType = sourcecode.c.h; path = vdi.h; sourceTree = "<group>"; };
		E9283ECE07512EA200DA6B24 /* video.h */ = {isa = PBXFileReference; fileEncoding = 5; lastKnownFileType = sourcecode.c.h; path = video.h; sourceTree = "<group>"; };
		E9283ECF07512EA200DA6B24 /* wavFormat.h */ = {isa = PBXFileReference; fileEncoding = 5; lastKnownFileType = sourcecode.c.h; path = wavFormat.h; sourceTree = "<group>"; };
		E9283ED007512EA200DA6B24 /* xbios.h */ = {isa = PBXFileReference; fileEncoding = 5; lastKnownFileType = sourcecode.c.h; path = xbios.h; sourceTree = "<group>"; };
		E9283ED107512EA200DA6B24 /* ymFormat.h */ = {isa = PBXFileReference; fileEncoding = 5; lastKnownFileType = sourcecode.c.h; path = ymFormat.h; sourceTree = "<group>"; };
		E9283ED207512EA200DA6B24 /* zip.h */ = {isa = PBXFileReference; fileEncoding = 5; lastKnownFileType = sourcecode.c.h; path = zip.h; sourceTree = "<group>"; };
		E9283ED307512EA200DA6B24 /* int.c */ = {isa = PBXFileReference; fileEncoding = 5; lastKnownFileType = sourcecode.c.c; name = int.c; path = src/int.c; sourceTree = "<group>"; };
		E9283ED507512EA200DA6B24 /* joy.c */ = {isa = PBXFileReference; fileEncoding = 5; lastKnownFileType = sourcecode.c.c; name = joy.c; path = src/joy.c; sourceTree = "<group>"; };
		E9283ED607512EA200DA6B24 /* keymap.c */ = {isa = PBXFileReference; fileEncoding = 5; lastKnownFileType = sourcecode.c.c; name = keymap.c; path = src/keymap.c; sourceTree = "<group>"; };
		E9283ED707512EA200DA6B24 /* m68000.c */ = {isa = PBXFileReference; fileEncoding = 5; lastKnownFileType = sourcecode.c.c; name = m68000.c; path = src/m68000.c; sourceTree = "<group>"; };
		E9283ED807512EA200DA6B24 /* main.c */ = {isa = PBXFileReference; fileEncoding = 5; lastKnownFileType = sourcecode.c.c; name = main.c; path = src/main.c; sourceTree = "<group>"; };
		E9283EDA07512EA200DA6B24 /* memorySnapShot.c */ = {isa = PBXFileReference; fileEncoding = 5; lastKnownFileType = sourcecode.c.c; name = memorySnapShot.c; path = src/memorySnapShot.c; sourceTree = "<group>"; };
		E9283EDB07512EA200DA6B24 /* mfp.c */ = {isa = PBXFileReference; fileEncoding = 5; lastKnownFileType = sourcecode.c.c; name = mfp.c; path = src/mfp.c; sourceTree = "<group>"; };
		E9283EDC07512EA200DA6B24 /* midi.c */ = {isa = PBXFileReference; fileEncoding = 5; lastKnownFileType = sourcecode.c.c; name = midi.c; path = src/midi.c; sourceTree = "<group>"; };
		E9283EDD07512EA200DA6B24 /* misc.c */ = {isa = PBXFileReference; fileEncoding = 5; lastKnownFileType = sourcecode.c.c; name = misc.c; path = src/misc.c; sourceTree = "<group>"; };
		E9283EDE07512EA200DA6B24 /* msa.c */ = {isa = PBXFileReference; fileEncoding = 5; lastKnownFileType = sourcecode.c.c; name = msa.c; path = src/msa.c; sourceTree = "<group>"; };
		E9283EDF07512EA200DA6B24 /* printer.c */ = {isa = PBXFileReference; fileEncoding = 5; lastKnownFileType = sourcecode.c.c; name = printer.c; path = src/printer.c; sourceTree = "<group>"; };
		E9283EE007512EA200DA6B24 /* psg.c */ = {isa = PBXFileReference; fileEncoding = 5; lastKnownFileType = sourcecode.c.c; name = psg.c; path = src/psg.c; sourceTree = "<group>"; };
		E9283EE107512EA200DA6B24 /* reset.c */ = {isa = PBXFileReference; fileEncoding = 5; lastKnownFileType = sourcecode.c.c; name = reset.c; path = src/reset.c; sourceTree = "<group>"; };
		E9283EE207512EA200DA6B24 /* rs232.c */ = {isa = PBXFileReference; fileEncoding = 5; lastKnownFileType = sourcecode.c.c; name = rs232.c; path = src/rs232.c; sourceTree = "<group>"; };
		E9283EE307512EA200DA6B24 /* rtc.c */ = {isa = PBXFileReference; fileEncoding = 5; lastKnownFileType = sourcecode.c.c; name = rtc.c; path = src/rtc.c; sourceTree = "<group>"; };
		E9283EE407512EA200DA6B24 /* screen.c */ = {isa = PBXFileReference; fileEncoding = 5; lastKnownFileType = sourcecode.c.c; name = screen.c; path = src/screen.c; sourceTree = "<group>"; };
		E9283EE607512EA200DA6B24 /* screenSnapShot.c */ = {isa = PBXFileReference; fileEncoding = 5; lastKnownFileType = sourcecode.c.c; name = screenSnapShot.c; path = src/screenSnapShot.c; sourceTree = "<group>"; };
		E9283EE707512EA200DA6B24 /* shortcut.c */ = {isa = PBXFileReference; fileEncoding = 5; lastKnownFileType = sourcecode.c.c; name = shortcut.c; path = src/shortcut.c; sourceTree = "<group>"; };
		E9283EE807512EA200DA6B24 /* sound.c */ = {isa = PBXFileReference; fileEncoding = 5; lastKnownFileType = sourcecode.c.c; name = sound.c; path = src/sound.c; sourceTree = "<group>"; };
		E9283EE907512EA200DA6B24 /* spec512.c */ = {isa = PBXFileReference; fileEncoding = 5; lastKnownFileType = sourcecode.c.c; name = spec512.c; path = src/spec512.c; sourceTree = "<group>"; };
		E9283EEA07512EA200DA6B24 /* st.c */ = {isa = PBXFileReference; fileEncoding = 5; lastKnownFileType = sourcecode.c.c; name = st.c; path = src/st.c; sourceTree = "<group>"; };
		E9283EEB07512EA200DA6B24 /* stMemory.c */ = {isa = PBXFileReference; fileEncoding = 5; lastKnownFileType = sourcecode.c.c; name = stMemory.c; path = src/stMemory.c; sourceTree = "<group>"; };
		E9283EEC07512EA200DA6B24 /* tos.c */ = {isa = PBXFileReference; fileEncoding = 5; lastKnownFileType = sourcecode.c.c; name = tos.c; path = src/tos.c; sourceTree = "<group>"; };
		E9283EEF07512EA200DA6B24 /* build68k.c */ = {isa = PBXFileReference; fileEncoding = 5; lastKnownFileType = sourcecode.c.c; path = build68k.c; sourceTree = "<group>"; };
		E9283EF007512EA200DA6B24 /* fpp-ieee-be.h */ = {isa = PBXFileReference; fileEncoding = 5; lastKnownFileType = sourcecode.c.h; path = "fpp-ieee-be.h"; sourceTree = "<group>"; };
		E9283EF107512EA200DA6B24 /* fpp-unknown.h */ = {isa = PBXFileReference; fileEncoding = 5; lastKnownFileType = sourcecode.c.h; path = "fpp-unknown.h"; sourceTree = "<group>"; };
		E9283EF207512EA200DA6B24 /* fpp.c */ = {isa = PBXFileReference; fileEncoding = 5; lastKnownFileType = sourcecode.c.c; path = fpp.c; sourceTree = "<group>"; };
		E9283EF307512EA200DA6B24 /* gencpu.c */ = {isa = PBXFileReference; fileEncoding = 5; lastKnownFileType = sourcecode.c.c; path = gencpu.c; sourceTree = "<group>"; };
		E9283EF407512EA200DA6B24 /* hatari-glue.c */ = {isa = PBXFileReference; fileEncoding = 5; lastKnownFileType = sourcecode.c.c; path = "hatari-glue.c"; sourceTree = "<group>"; };
		E9283EF507512EA200DA6B24 /* hatari-glue.h */ = {isa = PBXFileReference; fileEncoding = 5; lastKnownFileType = sourcecode.c.h; path = "hatari-glue.h"; sourceTree = "<group>"; };
		E9283EF607512EA200DA6B24 /* m68k.h */ = {isa = PBXFileReference; fileEncoding = 5; lastKnownFileType = sourcecode.c.h; path = m68k.h; sourceTree = "<group>"; };
		E9283EF707512EA200DA6B24 /* maccess.h */ = {isa = PBXFileReference; fileEncoding = 5; lastKnownFileType = sourcecode.c.h; path = maccess.h; sourceTree = "<group>"; };
		E9283EF907512EA200DA6B24 /* memory.c */ = {isa = PBXFileReference; fileEncoding = 5; lastKnownFileType = sourcecode.c.c; path = memory.c; sourceTree = "<group>"; };
		E9283EFA07512EA200DA6B24 /* memory.h */ = {isa = PBXFileReference; fileEncoding = 5; lastKnownFileType = sourcecode.c.h; path = memory.h; sourceTree = "<group>"; };
		E9283EFB07512EA200DA6B24 /* newcpu.c */ = {isa = PBXFileReference; fileEncoding = 5; lastKnownFileType = sourcecode.c.c; path = newcpu.c; sourceTree = "<group>"; };
		E9283EFC07512EA200DA6B24 /* newcpu.h */ = {isa = PBXFileReference; fileEncoding = 5; lastKnownFileType = sourcecode.c.h; path = newcpu.h; sourceTree = "<group>"; };
		E9283EFD07512EA200DA6B24 /* readcpu.c */ = {isa = PBXFileReference; fileEncoding = 5; lastKnownFileType = sourcecode.c.c; path = readcpu.c; sourceTree = "<group>"; };
		E9283EFE07512EA200DA6B24 /* readcpu.h */ = {isa = PBXFileReference; fileEncoding = 5; lastKnownFileType = sourcecode.c.h; path = readcpu.h; sourceTree = "<group>"; };
		E9283EFF07512EA200DA6B24 /* sysdeps.h */ = {isa = PBXFileReference; fileEncoding = 5; lastKnownFileType = sourcecode.c.h; path = sysdeps.h; sourceTree = "<group>"; };
		E9283F0107512EA200DA6B24 /* unzip.c */ = {isa = PBXFileReference; fileEncoding = 5; lastKnownFileType = sourcecode.c.c; name = unzip.c; path = src/unzip.c; sourceTree = "<group>"; };
		E9283F0207512EA200DA6B24 /* vdi.c */ = {isa = PBXFileReference; fileEncoding = 5; lastKnownFileType = sourcecode.c.c; name = vdi.c; path = src/vdi.c; sourceTree = "<group>"; };
		E9283F0307512EA200DA6B24 /* video.c */ = {isa = PBXFileReference; fileEncoding = 5; lastKnownFileType = sourcecode.c.c; name = video.c; path = src/video.c; sourceTree = "<group>"; };
		E9283F0407512EA200DA6B24 /* wavFormat.c */ = {isa = PBXFileReference; fileEncoding = 5; lastKnownFileType = sourcecode.c.c; name = wavFormat.c; path = src/wavFormat.c; sourceTree = "<group>"; };
		E9283F0507512EA200DA6B24 /* xbios.c */ = {isa = PBXFileReference; fileEncoding = 5; lastKnownFileType = sourcecode.c.c; name = xbios.c; path = src/xbios.c; sourceTree = "<group>"; };
		E9283F0607512EA200DA6B24 /* ymFormat.c */ = {isa = PBXFileReference; fileEncoding = 5; lastKnownFileType = sourcecode.c.c; name = ymFormat.c; path = src/ymFormat.c; sourceTree = "<group>"; };
		E9283F0707512EA200DA6B24 /* zip.c */ = {isa = PBXFileReference; fileEncoding = 5; lastKnownFileType = sourcecode.c.c; name = zip.c; path = src/zip.c; sourceTree = "<group>"; };
		E930274608EC5CA5000FB60E /* dmaSnd.h */ = {isa = PBXFileReference; fileEncoding = 30; lastKnownFileType = sourcecode.c.h; path = dmaSnd.h; sourceTree = "<group>"; };
		E930274E08EC5CD0000FB60E /* dmaSnd.c */ = {isa = PBXFileReference; fileEncoding = 30; lastKnownFileType = sourcecode.c.c; name = dmaSnd.c; path = src/dmaSnd.c; sourceTree = "<group>"; };
		E99035AD07E8C8D6000E7CD7 /* ioMem.h */ = {isa = PBXFileReference; fileEncoding = 30; lastKnownFileType = sourcecode.c.h; path = ioMem.h; sourceTree = "<group>"; };
		E99035AE07E8C8D6000E7CD7 /* ioMemTables.h */ = {isa = PBXFileReference; fileEncoding = 30; lastKnownFileType = sourcecode.c.h; path = ioMemTables.h; sourceTree = "<group>"; };
		E99035B107E8C909000E7CD7 /* ioMem.c */ = {isa = PBXFileReference; fileEncoding = 30; lastKnownFileType = sourcecode.c.c; name = ioMem.c; path = src/ioMem.c; sourceTree = "<group>"; };
		E9933BC00802F0DF00E20172 /* log.h */ = {isa = PBXFileReference; fileEncoding = 30; lastKnownFileType = sourcecode.c.h; path = log.h; sourceTree = "<group>"; };
		E9933BC20802F0F800E20172 /* log.c */ = {isa = PBXFileReference; fileEncoding = 30; lastKnownFileType = sourcecode.c.c; name = log.c; path = src/log.c; sourceTree = "<group>"; };
		E9987A66075134AA007DC37B /* cpuemu.c */ = {isa = PBXFileReference; fileEncoding = 30; lastKnownFileType = sourcecode.c.c; path = cpuemu.c; sourceTree = "<group>"; };
		E9987A7B075135D6007DC37B /* cpudefs.c */ = {isa = PBXFileReference; fileEncoding = 5; lastKnownFileType = sourcecode.c.c; path = cpudefs.c; sourceTree = "<group>"; };
		E9987A7C075135D6007DC37B /* cpustbl.c */ = {isa = PBXFileReference; fileEncoding = 5; lastKnownFileType = sourcecode.c.c; path = cpustbl.c; sourceTree = "<group>"; };
		F5A47A9D01A0482F01D3D55B /* SDLMain.h */ = {isa = PBXFileReference; fileEncoding = 30; lastKnownFileType = sourcecode.c.h; path = SDLMain.h; sourceTree = "<group>"; };
		F5A47A9E01A0483001D3D55B /* SDLMain.m */ = {isa = PBXFileReference; fileEncoding = 30; lastKnownFileType = sourcecode.c.objc; path = SDLMain.m; sourceTree = "<group>"; };
/* End PBXFileReference section */

/* Begin PBXFrameworksBuildPhase section */
		9670E1AB0A5FA132009A73E0 /* Frameworks */ = {
			isa = PBXFrameworksBuildPhase;
			buildActionMask = 2147483647;
			files = (
				9670E1AC0A5FA132009A73E0 /* Cocoa.framework in Frameworks */,
				9670E1C20A5FA25A009A73E0 /* SDL.framework in Frameworks */,
			);
			runOnlyForDeploymentPostprocessing = 0;
		};
/* End PBXFrameworksBuildPhase section */

/* Begin PBXGroup section */
		1058C7A0FEA54F0111CA2CBB /* Linked Frameworks */ = {
			isa = PBXGroup;
			children = (
				9670E1C10A5FA25A009A73E0 /* SDL.framework */,
				1058C7A1FEA54F0111CA2CBB /* Cocoa.framework */,
			);
			name = "Linked Frameworks";
			sourceTree = "<group>";
		};
		1058C7A2FEA54F0111CA2CBB /* Other Frameworks */ = {
			isa = PBXGroup;
			children = (
				29B97325FDCFA39411CA2CEA /* Foundation.framework */,
				29B97324FDCFA39411CA2CEA /* AppKit.framework */,
			);
			name = "Other Frameworks";
			sourceTree = "<group>";
		};
		19C28FACFE9D520D11CA2CBB /* Products */ = {
			isa = PBXGroup;
			children = (
				9670E1B10A5FA132009A73E0 /* Hatari.app */,
			);
			name = Products;
			sourceTree = "<group>";
		};
		29B97314FDCFA39411CA2CEA /* Hatari */ = {
			isa = PBXGroup;
			children = (
				9613232F0B5BD66600007C3E /* ide.c */,
				961322E60B5BCFBB00007C3E /* config.h */,
				961322D20B5BCDB900007C3E /* acsite.m4 */,
				961322D30B5BCDB900007C3E /* config-default.h */,
				961322D50B5BCDB900007C3E /* Makefile-default.cnf */,
				961322D60B5BCDB900007C3E /* Makefile-MinGW.cnf */,
				96D6324C0A4E9A4300FBFA27 /* gui-osx */,
				29B97315FDCFA39411CA2CEA /* Other Sources */,
				29B97317FDCFA39411CA2CEA /* Resources */,
				29B97323FDCFA39411CA2CEA /* Frameworks */,
				19C28FACFE9D520D11CA2CBB /* Products */,
				9670E1B00A5FA132009A73E0 /* Info-Hatari.plist */,
			);
			name = Hatari;
			sourceTree = "<group>";
		};
		29B97315FDCFA39411CA2CEA /* Other Sources */ = {
			isa = PBXGroup;
			children = (
				96B15D580D836FC0000326A2 /* paths.c */,
				96B15D590D836FC0000326A2 /* trace.c */,
				96635B750BF86FDF00518B3B /* nvram.c */,
				96635B760BF86FDF00518B3B /* nvram.h */,
				961323110B5BD17700007C3E /* ide.h */,
				961323070B5BD14B00007C3E /* ioMemTabFalcon.c */,
				961323080B5BD14B00007C3E /* ioMemTabST.c */,
				961323090B5BD14B00007C3E /* ioMemTabSTE.c */,
				9613230A0B5BD14B00007C3E /* ioMemTabTT.c */,
				961322EF0B5BD0B800007C3E /* araglue.h */,
				961322F00B5BD0B800007C3E /* dsp_cpu.c */,
				961322F10B5BD0B800007C3E /* dsp_cpu.h */,
				961322F20B5BD0B800007C3E /* dsp_disasm.c */,
				961322F30B5BD0B800007C3E /* dsp_disasm.h */,
				961322F40B5BD0B800007C3E /* dsp.c */,
				961322F50B5BD0B800007C3E /* dsp.h */,
				961322F60B5BD0B800007C3E /* hostscreen.c */,
				961322F70B5BD0B800007C3E /* hostscreen.h */,
				961322F90B5BD0B800007C3E /* videl.c */,
				961322FA0B5BD0B800007C3E /* videl.h */,
				969191270AA205A80008B3A0 /* scandir.c */,
				968DE4D30A59B234007517A4 /* options.c */,
				E930274E08EC5CD0000FB60E /* dmaSnd.c */,
				E9283E7307512EA200DA6B24 /* audio.c */,
				E9283E7407512EA200DA6B24 /* bios.c */,
				E9283E7507512EA200DA6B24 /* blitter.c */,
				E9283E7607512EA200DA6B24 /* cart_asm.s */,
				E9283E7707512EA200DA6B24 /* cart.c */,
				9652821A0998134C00BE6A34 /* cycles.c */,
				E9283E7907512EA200DA6B24 /* cfgopts.c */,
				E9283E7A07512EA200DA6B24 /* configuration.c */,
				E9283E7B07512EA200DA6B24 /* createBlankImage.c */,
				E9283E7D07512EA200DA6B24 /* debugui.c */,
				E9283E7E07512EA200DA6B24 /* dialog.c */,
				E9283E7F07512EA200DA6B24 /* dim.c */,
				E9283E8107512EA200DA6B24 /* fdc.c */,
				E9283E8207512EA200DA6B24 /* file.c */,
				E9283E8307512EA200DA6B24 /* floppy.c */,
				E9283E8407512EA200DA6B24 /* gemdos.c */,
				E9283E8507512EA200DA6B24 /* gui-sdl */,
				E9283E9B07512EA200DA6B24 /* hdc.c */,
				E9283E9C07512EA200DA6B24 /* ikbd.c */,
				E9283E9D07512EA200DA6B24 /* includes */,
				E9283ED307512EA200DA6B24 /* int.c */,
				E99035B107E8C909000E7CD7 /* ioMem.c */,
				E9283ED507512EA200DA6B24 /* joy.c */,
				E9283ED607512EA200DA6B24 /* keymap.c */,
				E9933BC20802F0F800E20172 /* log.c */,
				E9283ED707512EA200DA6B24 /* m68000.c */,
				E9283ED807512EA200DA6B24 /* main.c */,
				E9283EDA07512EA200DA6B24 /* memorySnapShot.c */,
				E9283EDB07512EA200DA6B24 /* mfp.c */,
				E9283EDC07512EA200DA6B24 /* midi.c */,
				E9283EDD07512EA200DA6B24 /* misc.c */,
				E9283EDE07512EA200DA6B24 /* msa.c */,
				E9283EDF07512EA200DA6B24 /* printer.c */,
				E9283EE007512EA200DA6B24 /* psg.c */,
				E9283EE107512EA200DA6B24 /* reset.c */,
				E9283EE207512EA200DA6B24 /* rs232.c */,
				E9283EE307512EA200DA6B24 /* rtc.c */,
				E9283EE407512EA200DA6B24 /* screen.c */,
				E9283EE607512EA200DA6B24 /* screenSnapShot.c */,
				E9283EE707512EA200DA6B24 /* shortcut.c */,
				E9283EE807512EA200DA6B24 /* sound.c */,
				E9283EE907512EA200DA6B24 /* spec512.c */,
				E9283EEA07512EA200DA6B24 /* st.c */,
				E9283EEB07512EA200DA6B24 /* stMemory.c */,
				E9283EEC07512EA200DA6B24 /* tos.c */,
				E9283EED07512EA200DA6B24 /* uae-cpu */,
				E9283F0107512EA200DA6B24 /* unzip.c */,
				E9283F0207512EA200DA6B24 /* vdi.c */,
				E9283F0307512EA200DA6B24 /* video.c */,
				E9283F0407512EA200DA6B24 /* wavFormat.c */,
				E9283F0507512EA200DA6B24 /* xbios.c */,
				E9283F0607512EA200DA6B24 /* ymFormat.c */,
				E9283F0707512EA200DA6B24 /* zip.c */,
			);
			name = "Other Sources";
			sourceTree = "<group>";
		};
		29B97317FDCFA39411CA2CEA /* Resources */ = {
			isa = PBXGroup;
			children = (
				96CD27C20A58450A008DE57F /* Hatari.icns */,
				089C165CFE840E0CC02AAC07 /* InfoPlist.strings */,
			);
			name = Resources;
			sourceTree = "<group>";
		};
		29B97323FDCFA39411CA2CEA /* Frameworks */ = {
			isa = PBXGroup;
			children = (
				1058C7A0FEA54F0111CA2CBB /* Linked Frameworks */,
				1058C7A2FEA54F0111CA2CBB /* Other Frameworks */,
			);
			name = Frameworks;
			sourceTree = "<group>";
		};
		96D6324C0A4E9A4300FBFA27 /* gui-osx */ = {
			isa = PBXGroup;
			children = (
				96D632670A4E9B9D00FBFA27 /* SDLMain.nib */,
				96C84DB40A549F4B00CAF172 /* Shared.h */,
				96C84DB50A549F4B00CAF172 /* Shared.m */,
				96ECC69309B9907A00C5C54F /* CreateFloppyController.h */,
				96ECC69409B9907A00C5C54F /* CreateFloppyController.m */,
				962F64E909A922B20054BE9B /* PrefsController.h */,
				962F64EA09A922B20054BE9B /* PrefsController.m */,
				F5A47A9D01A0482F01D3D55B /* SDLMain.h */,
				F5A47A9E01A0483001D3D55B /* SDLMain.m */,
				96BEBB3F0A567AC0007ADA48 /* AlertHooks.h */,
				96BEBB400A567AC0007ADA48 /* AlertHooks.m */,
			);
			name = "gui-osx";
			path = "src/gui-osx";
			sourceTree = "<group>";
		};
		E9283E8507512EA200DA6B24 /* gui-sdl */ = {
			isa = PBXGroup;
			children = (
				968B50EE0D83704D00C21920 /* dlgDisk.c */,
				968B50EF0D83704D00C21920 /* dlgNewDisk.c */,
				96CD27820A58443F008DE57F /* dlgRom.c */,
				E9283E8707512EA200DA6B24 /* dlgAbout.c */,
				E9283E8807512EA200DA6B24 /* dlgAlert.c */,
				E9283E8907512EA200DA6B24 /* dlgDevice.c */,
				E9283E8B07512EA200DA6B24 /* dlgFileSelect.c */,
				E9283E8C07512EA200DA6B24 /* dlgJoystick.c */,
				E9283E8D07512EA200DA6B24 /* dlgKeyboard.c */,
				E9283E8E07512EA200DA6B24 /* dlgMain.c */,
				E9283E8F07512EA200DA6B24 /* dlgMemory.c */,
				E9283E9107512EA200DA6B24 /* dlgScreen.c */,
				E9283E9207512EA200DA6B24 /* dlgSound.c */,
				E9283E9307512EA200DA6B24 /* dlgSystem.c */,
				E9283E9607512EA200DA6B24 /* font10x16.h */,
				E9283E9807512EA200DA6B24 /* font5x8.h */,
				E9283E9A07512EA200DA6B24 /* sdlgui.c */,
			);
			name = "gui-sdl";
			path = "src/gui-sdl";
			sourceTree = "<group>";
		};
		E9283E9D07512EA200DA6B24 /* includes */ = {
			isa = PBXGroup;
			children = (
				96B15D560D836F9A000326A2 /* trace.h */,
				96B15D540D836F8F000326A2 /* paths.h */,
				969191290AA205D60008B3A0 /* scandir.h */,
				968DE4CE0A59B1E8007517A4 /* gemdos_defines.h */,
				968DE4CF0A59B1E8007517A4 /* options.h */,
				9652821F0998136500BE6A34 /* cycles.h */,
				E930274608EC5CA5000FB60E /* dmaSnd.h */,
				E9283E9E07512EA200DA6B24 /* audio.h */,
				E9283E9F07512EA200DA6B24 /* bios.h */,
				E9283EA007512EA200DA6B24 /* blitter.h */,
				E9283EA107512EA200DA6B24 /* cart.h */,
				E9283EA207512EA200DA6B24 /* cfgopts.h */,
				E9283EA307512EA200DA6B24 /* configuration.h */,
				E9283EA407512EA200DA6B24 /* createBlankImage.h */,
				E9283EA607512EA200DA6B24 /* debugui.h */,
				E9283EA707512EA200DA6B24 /* dialog.h */,
				E9283EA807512EA200DA6B24 /* dim.h */,
				E9283EAA07512EA200DA6B24 /* fdc.h */,
				E9283EAB07512EA200DA6B24 /* file.h */,
				E9283EAC07512EA200DA6B24 /* floppy.h */,
				E9283EAD07512EA200DA6B24 /* gemdos.h */,
				E9283EAE07512EA200DA6B24 /* hdc.h */,
				E9283EAF07512EA200DA6B24 /* ikbd.h */,
				E99035AD07E8C8D6000E7CD7 /* ioMem.h */,
				E99035AE07E8C8D6000E7CD7 /* ioMemTables.h */,
				E9283EB007512EA200DA6B24 /* int.h */,
				E9283EB207512EA200DA6B24 /* joy.h */,
				E9283EB307512EA200DA6B24 /* keymap.h */,
				E9933BC00802F0DF00E20172 /* log.h */,
				E9283EB407512EA200DA6B24 /* m68000.h */,
				E9283EB507512EA200DA6B24 /* main.h */,
				E9283EB707512EA200DA6B24 /* memorySnapShot.h */,
				E9283EB807512EA200DA6B24 /* mfp.h */,
				E9283EB907512EA200DA6B24 /* midi.h */,
				E9283EBA07512EA200DA6B24 /* misc.h */,
				E9283EBB07512EA200DA6B24 /* msa.h */,
				E9283EBC07512EA200DA6B24 /* printer.h */,
				E9283EBD07512EA200DA6B24 /* psg.h */,
				E9283EBE07512EA200DA6B24 /* reset.h */,
				E9283EBF07512EA200DA6B24 /* rs232.h */,
				E9283EC007512EA200DA6B24 /* rtc.h */,
				E9283EC107512EA200DA6B24 /* screen.h */,
				E9283EC407512EA200DA6B24 /* screenSnapShot.h */,
				E9283EC507512EA200DA6B24 /* sdlgui.h */,
				E9283EC607512EA200DA6B24 /* shortcut.h */,
				E9283EC707512EA200DA6B24 /* sound.h */,
				E9283EC807512EA200DA6B24 /* spec512.h */,
				E9283EC907512EA200DA6B24 /* st.h */,
				E9283ECA07512EA200DA6B24 /* stMemory.h */,
				E9283ECB07512EA200DA6B24 /* tos.h */,
				E9283ECC07512EA200DA6B24 /* unzip.h */,
				E9283ECD07512EA200DA6B24 /* vdi.h */,
				E9283ECE07512EA200DA6B24 /* video.h */,
				E9283ECF07512EA200DA6B24 /* wavFormat.h */,
				E9283ED007512EA200DA6B24 /* xbios.h */,
				E9283ED107512EA200DA6B24 /* ymFormat.h */,
				E9283ED207512EA200DA6B24 /* zip.h */,
			);
			name = includes;
			path = src/includes;
			sourceTree = "<group>";
		};
		E9283EED07512EA200DA6B24 /* uae-cpu */ = {
			isa = PBXGroup;
			children = (
				E9283EEF07512EA200DA6B24 /* build68k.c */,
				E9283EF007512EA200DA6B24 /* fpp-ieee-be.h */,
				E9283EF107512EA200DA6B24 /* fpp-unknown.h */,
				E9283EF207512EA200DA6B24 /* fpp.c */,
				E9283EF307512EA200DA6B24 /* gencpu.c */,
				E9283EF407512EA200DA6B24 /* hatari-glue.c */,
				E9283EF507512EA200DA6B24 /* hatari-glue.h */,
				E9283EF607512EA200DA6B24 /* m68k.h */,
				E9283EF707512EA200DA6B24 /* maccess.h */,
				E9283EF907512EA200DA6B24 /* memory.c */,
				E9283EFA07512EA200DA6B24 /* memory.h */,
				E9283EFB07512EA200DA6B24 /* newcpu.c */,
				E9283EFC07512EA200DA6B24 /* newcpu.h */,
				E9283EFD07512EA200DA6B24 /* readcpu.c */,
				E9283EFE07512EA200DA6B24 /* readcpu.h */,
				E9283EFF07512EA200DA6B24 /* sysdeps.h */,
				E9987A66075134AA007DC37B /* cpuemu.c */,
				E9987A7B075135D6007DC37B /* cpudefs.c */,
				E9987A7C075135D6007DC37B /* cpustbl.c */,
			);
			name = "uae-cpu";
			path = "src/uae-cpu";
			sourceTree = "<group>";
		};
/* End PBXGroup section */

/* Begin PBXHeadersBuildPhase section */
		9670E10F0A5FA132009A73E0 /* Headers */ = {
			isa = PBXHeadersBuildPhase;
			buildActionMask = 2147483647;
			files = (
				9670E1100A5FA132009A73E0 /* SDLMain.h in Headers */,
				9670E1110A5FA132009A73E0 /* font10x16.h in Headers */,
				9670E1120A5FA132009A73E0 /* font5x8.h in Headers */,
				9670E1130A5FA132009A73E0 /* audio.h in Headers */,
				9670E1140A5FA132009A73E0 /* bios.h in Headers */,
				9670E1150A5FA132009A73E0 /* blitter.h in Headers */,
				9670E1160A5FA132009A73E0 /* cart.h in Headers */,
				9670E1170A5FA132009A73E0 /* cfgopts.h in Headers */,
				9670E1180A5FA132009A73E0 /* configuration.h in Headers */,
				9670E1190A5FA132009A73E0 /* createBlankImage.h in Headers */,
				9670E11A0A5FA132009A73E0 /* debugui.h in Headers */,
				9670E11B0A5FA132009A73E0 /* dialog.h in Headers */,
				9670E11C0A5FA132009A73E0 /* dim.h in Headers */,
				9670E11D0A5FA132009A73E0 /* fdc.h in Headers */,
				9670E11E0A5FA132009A73E0 /* file.h in Headers */,
				9670E11F0A5FA132009A73E0 /* floppy.h in Headers */,
				9670E1200A5FA132009A73E0 /* gemdos.h in Headers */,
				9670E1210A5FA132009A73E0 /* hdc.h in Headers */,
				9670E1220A5FA132009A73E0 /* ikbd.h in Headers */,
				9670E1230A5FA132009A73E0 /* int.h in Headers */,
				9670E1240A5FA132009A73E0 /* joy.h in Headers */,
				9670E1250A5FA132009A73E0 /* keymap.h in Headers */,
				9670E1260A5FA132009A73E0 /* m68000.h in Headers */,
				9670E1270A5FA132009A73E0 /* main.h in Headers */,
				9670E1280A5FA132009A73E0 /* memorySnapShot.h in Headers */,
				9670E1290A5FA132009A73E0 /* mfp.h in Headers */,
				9670E12A0A5FA132009A73E0 /* midi.h in Headers */,
				9670E12B0A5FA132009A73E0 /* misc.h in Headers */,
				9670E12C0A5FA132009A73E0 /* msa.h in Headers */,
				9670E12D0A5FA132009A73E0 /* printer.h in Headers */,
				9670E12E0A5FA132009A73E0 /* psg.h in Headers */,
				9670E12F0A5FA132009A73E0 /* reset.h in Headers */,
				9670E1300A5FA132009A73E0 /* rs232.h in Headers */,
				9670E1310A5FA132009A73E0 /* rtc.h in Headers */,
				9670E1320A5FA132009A73E0 /* screen.h in Headers */,
				9670E1330A5FA132009A73E0 /* screenSnapShot.h in Headers */,
				9670E1340A5FA132009A73E0 /* sdlgui.h in Headers */,
				9670E1350A5FA132009A73E0 /* shortcut.h in Headers */,
				9670E1360A5FA132009A73E0 /* sound.h in Headers */,
				9670E1370A5FA132009A73E0 /* spec512.h in Headers */,
				9670E1380A5FA132009A73E0 /* st.h in Headers */,
				9670E1390A5FA132009A73E0 /* stMemory.h in Headers */,
				9670E13A0A5FA132009A73E0 /* tos.h in Headers */,
				9670E13B0A5FA132009A73E0 /* unzip.h in Headers */,
				9670E13C0A5FA132009A73E0 /* vdi.h in Headers */,
				9670E13D0A5FA132009A73E0 /* video.h in Headers */,
				9670E13E0A5FA132009A73E0 /* wavFormat.h in Headers */,
				9670E13F0A5FA132009A73E0 /* xbios.h in Headers */,
				9670E1400A5FA132009A73E0 /* ymFormat.h in Headers */,
				9670E1410A5FA132009A73E0 /* zip.h in Headers */,
				9670E1420A5FA132009A73E0 /* fpp-ieee-be.h in Headers */,
				9670E1430A5FA132009A73E0 /* fpp-unknown.h in Headers */,
				9670E1440A5FA132009A73E0 /* hatari-glue.h in Headers */,
				9670E1450A5FA132009A73E0 /* m68k.h in Headers */,
				9670E1460A5FA132009A73E0 /* maccess.h in Headers */,
				9670E1470A5FA132009A73E0 /* memory.h in Headers */,
				9670E1480A5FA132009A73E0 /* newcpu.h in Headers */,
				9670E1490A5FA132009A73E0 /* readcpu.h in Headers */,
				9670E14A0A5FA132009A73E0 /* sysdeps.h in Headers */,
				9670E14B0A5FA132009A73E0 /* ioMem.h in Headers */,
				9670E14C0A5FA132009A73E0 /* ioMemTables.h in Headers */,
				9670E14D0A5FA132009A73E0 /* log.h in Headers */,
				9670E14E0A5FA132009A73E0 /* dmaSnd.h in Headers */,
				9670E14F0A5FA132009A73E0 /* cycles.h in Headers */,
				9670E1500A5FA132009A73E0 /* PrefsController.h in Headers */,
				9670E1510A5FA132009A73E0 /* CreateFloppyController.h in Headers */,
				9670E1520A5FA132009A73E0 /* Shared.h in Headers */,
				9670E1530A5FA132009A73E0 /* AlertHooks.h in Headers */,
				9670E1540A5FA132009A73E0 /* gemdos_defines.h in Headers */,
				9670E1550A5FA132009A73E0 /* options.h in Headers */,
				9691912A0AA205D60008B3A0 /* scandir.h in Headers */,
				961322D80B5BCDB900007C3E /* config-default.h in Headers */,
				961322E70B5BCFBB00007C3E /* config.h in Headers */,
				961322FB0B5BD0B800007C3E /* araglue.h in Headers */,
				961322FD0B5BD0B800007C3E /* dsp_cpu.h in Headers */,
				961322FF0B5BD0B800007C3E /* dsp_disasm.h in Headers */,
				961323010B5BD0B800007C3E /* dsp.h in Headers */,
				961323030B5BD0B800007C3E /* hostscreen.h in Headers */,
				961323060B5BD0B800007C3E /* videl.h in Headers */,
				961323130B5BD17700007C3E /* ide.h in Headers */,
				96635B780BF86FDF00518B3B /* nvram.h in Headers */,
				96B15D550D836F8F000326A2 /* paths.h in Headers */,
				96B15D570D836F9A000326A2 /* trace.h in Headers */,
			);
			runOnlyForDeploymentPostprocessing = 0;
		};
/* End PBXHeadersBuildPhase section */

/* Begin PBXLegacyTarget section */
		E97980AD07513008008815D3 /* cpuemu.c */ = {
			isa = PBXLegacyTarget;
			buildArgumentsString = "SDL_CFLAGS=\"-I$(HOME)/Library/Frameworks/SDL.framework/Headers -I$(LOCAL_LIBRARY_DIR)/Frameworks/SDL.framework/Headers\" cpuemu.c $ACTION";
			buildConfigurationList = 96F027C10998116700577C54 /* Build configuration list for PBXLegacyTarget "cpuemu.c" */;
			buildPhases = (
			);
			buildToolPath = /usr/bin/make;
			buildWorkingDirectory = "./src/uae-cpu";
			dependencies = (
			);
			name = cpuemu.c;
			passBuildSettingsInEnvironment = 1;
			productName = cpuemu.c;
		};
/* End PBXLegacyTarget section */

/* Begin PBXNativeTarget section */
		9670E10C0A5FA132009A73E0 /* Hatari */ = {
			isa = PBXNativeTarget;
			buildConfigurationList = 9670E1AD0A5FA132009A73E0 /* Build configuration list for PBXNativeTarget "Hatari" */;
			buildPhases = (
				9670E10F0A5FA132009A73E0 /* Headers */,
				9670E1560A5FA132009A73E0 /* Resources */,
				9670E15A0A5FA132009A73E0 /* Sources */,
				9670E1AB0A5FA132009A73E0 /* Frameworks */,
			);
			buildRules = (
			);
			dependencies = (
				9670E3370A5FA5A5009A73E0 /* PBXTargetDependency */,
			);
			name = Hatari;
			productInstallPath = "$(HOME)/Applications";
			productName = Hatari;
			productReference = 9670E1B10A5FA132009A73E0 /* Hatari.app */;
			productType = "com.apple.product-type.application";
		};
/* End PBXNativeTarget section */

/* Begin PBXProject section */
		29B97313FDCFA39411CA2CEA /* Project object */ = {
			isa = PBXProject;
			buildConfigurationList = 96F027C90998116700577C54 /* Build configuration list for PBXProject "Hatari" */;
			compatibilityVersion = "Xcode 2.4";
			hasScannedForEncodings = 1;
			mainGroup = 29B97314FDCFA39411CA2CEA /* Hatari */;
			projectDirPath = "";
			projectRoot = "";
			targets = (
				9670E10C0A5FA132009A73E0 /* Hatari */,
				E97980AD07513008008815D3 /* cpuemu.c */,
			);
		};
/* End PBXProject section */

/* Begin PBXResourcesBuildPhase section */
		9670E1560A5FA132009A73E0 /* Resources */ = {
			isa = PBXResourcesBuildPhase;
			buildActionMask = 2147483647;
			files = (
				9670E1570A5FA132009A73E0 /* InfoPlist.strings in Resources */,
				9670E1580A5FA132009A73E0 /* SDLMain.nib in Resources */,
				9670E1590A5FA132009A73E0 /* Hatari.icns in Resources */,
				961322D70B5BCDB900007C3E /* acsite.m4 in Resources */,
				961322DA0B5BCDB900007C3E /* Makefile-default.cnf in Resources */,
				961322DB0B5BCDB900007C3E /* Makefile-MinGW.cnf in Resources */,
			);
			runOnlyForDeploymentPostprocessing = 0;
		};
/* End PBXResourcesBuildPhase section */

/* Begin PBXSourcesBuildPhase section */
		9670E15A0A5FA132009A73E0 /* Sources */ = {
			isa = PBXSourcesBuildPhase;
			buildActionMask = 2147483647;
			files = (
				9670E15B0A5FA132009A73E0 /* SDLMain.m in Sources */,
				9670E15C0A5FA132009A73E0 /* audio.c in Sources */,
				9670E15D0A5FA132009A73E0 /* bios.c in Sources */,
				9670E15E0A5FA132009A73E0 /* blitter.c in Sources */,
				9670E15F0A5FA132009A73E0 /* cart.c in Sources */,
				9670E1600A5FA132009A73E0 /* cfgopts.c in Sources */,
				9670E1610A5FA132009A73E0 /* configuration.c in Sources */,
				9670E1620A5FA132009A73E0 /* createBlankImage.c in Sources */,
				9670E1630A5FA132009A73E0 /* debugui.c in Sources */,
				9670E1640A5FA132009A73E0 /* dialog.c in Sources */,
				9670E1650A5FA132009A73E0 /* dim.c in Sources */,
				9670E1660A5FA132009A73E0 /* fdc.c in Sources */,
				9670E1670A5FA132009A73E0 /* file.c in Sources */,
				9670E1680A5FA132009A73E0 /* floppy.c in Sources */,
				9670E1690A5FA132009A73E0 /* gemdos.c in Sources */,
				9670E16A0A5FA132009A73E0 /* dlgAbout.c in Sources */,
				9670E16B0A5FA132009A73E0 /* dlgAlert.c in Sources */,
				9670E16C0A5FA132009A73E0 /* dlgDevice.c in Sources */,
				9670E16E0A5FA132009A73E0 /* dlgFileSelect.c in Sources */,
				9670E16F0A5FA132009A73E0 /* dlgJoystick.c in Sources */,
				9670E1700A5FA132009A73E0 /* dlgKeyboard.c in Sources */,
				9670E1710A5FA132009A73E0 /* dlgMain.c in Sources */,
				9670E1720A5FA132009A73E0 /* dlgMemory.c in Sources */,
				9670E1740A5FA132009A73E0 /* dlgScreen.c in Sources */,
				9670E1750A5FA132009A73E0 /* dlgSound.c in Sources */,
				9670E1760A5FA132009A73E0 /* dlgSystem.c in Sources */,
				9670E1770A5FA132009A73E0 /* sdlgui.c in Sources */,
				9670E1780A5FA132009A73E0 /* hdc.c in Sources */,
				9670E1790A5FA132009A73E0 /* ikbd.c in Sources */,
				9670E17A0A5FA132009A73E0 /* int.c in Sources */,
				9670E17B0A5FA132009A73E0 /* joy.c in Sources */,
				9670E17C0A5FA132009A73E0 /* keymap.c in Sources */,
				9670E17D0A5FA132009A73E0 /* m68000.c in Sources */,
				9670E17E0A5FA132009A73E0 /* main.c in Sources */,
				9670E17F0A5FA132009A73E0 /* memorySnapShot.c in Sources */,
				9670E1800A5FA132009A73E0 /* mfp.c in Sources */,
				9670E1810A5FA132009A73E0 /* midi.c in Sources */,
				9670E1820A5FA132009A73E0 /* misc.c in Sources */,
				9670E1830A5FA132009A73E0 /* msa.c in Sources */,
				9670E1840A5FA132009A73E0 /* printer.c in Sources */,
				9670E1850A5FA132009A73E0 /* psg.c in Sources */,
				9670E1860A5FA132009A73E0 /* reset.c in Sources */,
				9670E1870A5FA132009A73E0 /* rs232.c in Sources */,
				9670E1880A5FA132009A73E0 /* rtc.c in Sources */,
				9670E1890A5FA132009A73E0 /* screen.c in Sources */,
				9670E18A0A5FA132009A73E0 /* screenSnapShot.c in Sources */,
				9670E18B0A5FA132009A73E0 /* shortcut.c in Sources */,
				9670E18C0A5FA132009A73E0 /* sound.c in Sources */,
				9670E18D0A5FA132009A73E0 /* spec512.c in Sources */,
				9670E18E0A5FA132009A73E0 /* st.c in Sources */,
				9670E18F0A5FA132009A73E0 /* stMemory.c in Sources */,
				9670E1900A5FA132009A73E0 /* tos.c in Sources */,
				9670E1910A5FA132009A73E0 /* fpp.c in Sources */,
				9670E1920A5FA132009A73E0 /* hatari-glue.c in Sources */,
				9670E1930A5FA132009A73E0 /* memory.c in Sources */,
				9670E1940A5FA132009A73E0 /* newcpu.c in Sources */,
				9670E1950A5FA132009A73E0 /* readcpu.c in Sources */,
				9670E1960A5FA132009A73E0 /* unzip.c in Sources */,
				9670E1970A5FA132009A73E0 /* vdi.c in Sources */,
				9670E1980A5FA132009A73E0 /* video.c in Sources */,
				9670E1990A5FA132009A73E0 /* wavFormat.c in Sources */,
				9670E19A0A5FA132009A73E0 /* xbios.c in Sources */,
				9670E19B0A5FA132009A73E0 /* ymFormat.c in Sources */,
				9670E19C0A5FA132009A73E0 /* zip.c in Sources */,
				9670E19D0A5FA132009A73E0 /* cpuemu.c in Sources */,
				9670E19E0A5FA132009A73E0 /* cpudefs.c in Sources */,
				9670E19F0A5FA132009A73E0 /* cpustbl.c in Sources */,
				9670E1A00A5FA132009A73E0 /* ioMem.c in Sources */,
				9670E1A20A5FA132009A73E0 /* log.c in Sources */,
				9670E1A30A5FA132009A73E0 /* dmaSnd.c in Sources */,
				9670E1A40A5FA132009A73E0 /* cycles.c in Sources */,
				9670E1A50A5FA132009A73E0 /* PrefsController.m in Sources */,
				9670E1A60A5FA132009A73E0 /* CreateFloppyController.m in Sources */,
				9670E1A70A5FA132009A73E0 /* Shared.m in Sources */,
				9670E1A80A5FA132009A73E0 /* AlertHooks.m in Sources */,
				9670E1A90A5FA132009A73E0 /* dlgRom.c in Sources */,
				9670E1AA0A5FA132009A73E0 /* options.c in Sources */,
				969191280AA205A80008B3A0 /* scandir.c in Sources */,
				961322FC0B5BD0B800007C3E /* dsp_cpu.c in Sources */,
				961322FE0B5BD0B800007C3E /* dsp_disasm.c in Sources */,
				961323000B5BD0B800007C3E /* dsp.c in Sources */,
				961323020B5BD0B800007C3E /* hostscreen.c in Sources */,
				961323050B5BD0B800007C3E /* videl.c in Sources */,
				9613230C0B5BD14B00007C3E /* ioMemTabFalcon.c in Sources */,
				9613230D0B5BD14B00007C3E /* ioMemTabST.c in Sources */,
				9613230E0B5BD14B00007C3E /* ioMemTabSTE.c in Sources */,
				9613230F0B5BD14B00007C3E /* ioMemTabTT.c in Sources */,
				961323300B5BD66600007C3E /* ide.c in Sources */,
				96635B770BF86FDF00518B3B /* nvram.c in Sources */,
				96B15D5A0D836FC0000326A2 /* paths.c in Sources */,
				96B15D5B0D836FC0000326A2 /* trace.c in Sources */,
				968B50F00D83704D00C21920 /* dlgDisk.c in Sources */,
				968B50F10D83704D00C21920 /* dlgNewDisk.c in Sources */,
			);
			runOnlyForDeploymentPostprocessing = 0;
		};
/* End PBXSourcesBuildPhase section */

/* Begin PBXTargetDependency section */
		9670E3370A5FA5A5009A73E0 /* PBXTargetDependency */ = {
			isa = PBXTargetDependency;
			target = E97980AD07513008008815D3 /* cpuemu.c */;
			targetProxy = 9670E3360A5FA5A5009A73E0 /* PBXContainerItemProxy */;
		};
/* End PBXTargetDependency section */

/* Begin PBXVariantGroup section */
		089C165CFE840E0CC02AAC07 /* InfoPlist.strings */ = {
			isa = PBXVariantGroup;
			children = (
				089C165DFE840E0CC02AAC07 /* English */,
			);
			name = InfoPlist.strings;
			path = "src/gui-osx";
			sourceTree = "<group>";
		};
/* End PBXVariantGroup section */

/* Begin XCBuildConfiguration section */
		9670E1AE0A5FA132009A73E0 /* Development */ = {
			isa = XCBuildConfiguration;
			buildSettings = {
				COPY_PHASE_STRIP = NO;
				FRAMEWORK_SEARCH_PATHS = "\"$(HOME)/Library/Frameworks\"";
				GCC_DYNAMIC_NO_PIC = NO;
				GCC_ENABLE_FIX_AND_CONTINUE = YES;
				GCC_GENERATE_DEBUGGING_SYMBOLS = YES;
				GCC_OPTIMIZATION_LEVEL = 0;
				GCC_PREPROCESSOR_DEFINITIONS = (
					"$(GCC_PREPROCESSOR_DEFINITIONS_QUOTED_1)",
					"$(GCC_PREPROCESSOR_DEFINITIONS_QUOTED_2)",
					ALERT_HOOKS,
				);
				GCC_PREPROCESSOR_DEFINITIONS_QUOTED_1 = "BIN2DATADIR=\\\".\\\"";
				GCC_PREPROCESSOR_DEFINITIONS_QUOTED_2 = "CONFDIR=\\\".\\\"";
				GCC_SYMBOLS_PRIVATE_EXTERN = NO;
				HEADER_SEARCH_PATHS = (
					"$(LOCAL_LIBRARY_DIR)/Frameworks/SDL.framework/Headers",
					"$(HOME)/Library/Frameworks/SDL.framework/Headers",
				);
				INFOPLIST_FILE = "Info-Hatari.plist";
				INSTALL_PATH = "$(HOME)/Applications";
				LIBRARY_SEARCH_PATHS = "";
				OTHER_CFLAGS = "-Wno-unused";
				OTHER_LDFLAGS = "-lz";
				PRODUCT_NAME = Hatari;
				SECTORDER_FLAGS = "";
				WARNING_CFLAGS = (
					"-Wmost",
					"-Wno-four-char-constants",
					"-Wno-unknown-pragmas",
				);
				WRAPPER_EXTENSION = app;
				ZERO_LINK = YES;
			};
			name = Development;
		};
		9670E1AF0A5FA132009A73E0 /* Deployment */ = {
			isa = XCBuildConfiguration;
			buildSettings = {
				COPY_PHASE_STRIP = YES;
				FRAMEWORK_SEARCH_PATHS = "\"$(HOME)/Library/Frameworks\"";
				GCC_ENABLE_FIX_AND_CONTINUE = NO;
				GCC_GENERATE_DEBUGGING_SYMBOLS = NO;
				GCC_PREPROCESSOR_DEFINITIONS = (
					"$(GCC_PREPROCESSOR_DEFINITIONS_QUOTED_1)",
					"$(GCC_PREPROCESSOR_DEFINITIONS_QUOTED_2)",
					ALERT_HOOKS,
				);
				GCC_PREPROCESSOR_DEFINITIONS_QUOTED_1 = "DATADIR=\\\".\\\"";
				GCC_PREPROCESSOR_DEFINITIONS_QUOTED_2 = "CONFDIR=\\\".\\\"";
				GCC_SYMBOLS_PRIVATE_EXTERN = NO;
				HEADER_SEARCH_PATHS = (
					"$(LOCAL_LIBRARY_DIR)/Frameworks/SDL.framework/Headers",
					"$(HOME)/Library/Frameworks/SDL.framework/Headers",
				);
				INFOPLIST_FILE = "Info-Hatari.plist";
				INSTALL_PATH = "$(HOME)/Applications";
				LIBRARY_SEARCH_PATHS = "";
				OTHER_CFLAGS = "-Wno-unused";
				OTHER_LDFLAGS = "-lz";
				PRODUCT_NAME = Hatari;
				SECTORDER_FLAGS = "";
				WARNING_CFLAGS = (
					"-Wmost",
					"-Wno-four-char-constants",
					"-Wno-unknown-pragmas",
				);
				WRAPPER_EXTENSION = app;
				ZERO_LINK = NO;
			};
			name = Deployment;
		};
		96F027C20998116700577C54 /* Development */ = {
			isa = XCBuildConfiguration;
			buildSettings = {
				COPY_PHASE_STRIP = NO;
				GCC_DYNAMIC_NO_PIC = NO;
				GCC_ENABLE_FIX_AND_CONTINUE = YES;
				GCC_GENERATE_DEBUGGING_SYMBOLS = YES;
				GCC_OPTIMIZATION_LEVEL = 0;
				OPTIMIZATION_CFLAGS = "-O0";
				OTHER_CFLAGS = "";
				OTHER_LDFLAGS = "";
				OTHER_REZFLAGS = "";
				PRODUCT_NAME = cpuemu.c;
				SECTORDER_FLAGS = "";
				WARNING_CFLAGS = (
					"-Wmost",
					"-Wno-four-char-constants",
					"-Wno-unknown-pragmas",
				);
				ZERO_LINK = YES;
			};
			name = Development;
		};
		96F027C30998116700577C54 /* Deployment */ = {
			isa = XCBuildConfiguration;
			buildSettings = {
				COPY_PHASE_STRIP = YES;
				GCC_ENABLE_FIX_AND_CONTINUE = NO;
				OTHER_CFLAGS = "";
				OTHER_LDFLAGS = "";
				OTHER_REZFLAGS = "";
				PRODUCT_NAME = cpuemu.c;
				SECTORDER_FLAGS = "";
				WARNING_CFLAGS = (
					"-Wmost",
					"-Wno-four-char-constants",
					"-Wno-unknown-pragmas",
				);
				ZERO_LINK = NO;
			};
			name = Deployment;
		};
		96F027CA0998116700577C54 /* Development */ = {
			isa = XCBuildConfiguration;
			buildSettings = {
				MACOSX_DEPLOYMENT_TARGET = 10.3;
				MACOSX_DEPLOYMENT_TARGET_i386 = 10.4;
				MACOSX_DEPLOYMENT_TARGET_ppc = 10.3.9;
				SDKROOT = /Developer/SDKs/MacOSX10.4u.sdk;
			};
			name = Development;
		};
		96F027CB0998116700577C54 /* Deployment */ = {
			isa = XCBuildConfiguration;
			buildSettings = {
				ARCHS = (
					ppc,
					i386,
				);
				MACOSX_DEPLOYMENT_TARGET = 10.3;
				MACOSX_DEPLOYMENT_TARGET_i386 = 10.4;
				MACOSX_DEPLOYMENT_TARGET_ppc = 10.3.9;
				SDKROOT = /Developer/SDKs/MacOSX10.4u.sdk;
			};
			name = Deployment;
		};
/* End XCBuildConfiguration section */

/* Begin XCConfigurationList section */
		9670E1AD0A5FA132009A73E0 /* Build configuration list for PBXNativeTarget "Hatari" */ = {
			isa = XCConfigurationList;
			buildConfigurations = (
				9670E1AE0A5FA132009A73E0 /* Development */,
				9670E1AF0A5FA132009A73E0 /* Deployment */,
			);
			defaultConfigurationIsVisible = 0;
			defaultConfigurationName = Development;
		};
		96F027C10998116700577C54 /* Build configuration list for PBXLegacyTarget "cpuemu.c" */ = {
			isa = XCConfigurationList;
			buildConfigurations = (
				96F027C20998116700577C54 /* Development */,
				96F027C30998116700577C54 /* Deployment */,
			);
			defaultConfigurationIsVisible = 0;
			defaultConfigurationName = Development;
		};
		96F027C90998116700577C54 /* Build configuration list for PBXProject "Hatari" */ = {
			isa = XCConfigurationList;
			buildConfigurations = (
				96F027CA0998116700577C54 /* Development */,
				96F027CB0998116700577C54 /* Deployment */,
			);
			defaultConfigurationIsVisible = 0;
			defaultConfigurationName = Development;
		};
/* End XCConfigurationList section */
	};
	rootObject = 29B97313FDCFA39411CA2CEA /* Project object */;
}
